
Microsoft Visual Studio Solution File, Format Version 12.00
# Visual Studio 15
VisualStudioVersion = 15.0.27004.2006
MinimumVisualStudioVersion = 10.0.40219.1
Project("{FAE04EC0-301F-11D3-BF4B-00C04F79EFBC}") = "Hello", "Hello\Hello.csproj", "{43D3A9D9-D831-46CD-BE33-1DE6770DB406}"
EndProject
Project("{FAE04EC0-301F-11D3-BF4B-00C04F79EFBC}") = "OOdemot", "OOdemot\OOdemot.csproj", "{647E5B70-F18B-4837-8A73-4FCAFA7B4CB9}"
EndProject
Project("{FAE04EC0-301F-11D3-BF4B-00C04F79EFBC}") = "viikkotehtavat", "viikkotehtavat\viikkotehtavat.csproj", "{36EA85A8-D4AC-4DAE-9D06-467D825C65B7}"
EndProject
Project("{FAE04EC0-301F-11D3-BF4B-00C04F79EFBC}") = "Opiskelijaprojekti", "Opiskelijaprojekti\Opiskelijaprojekti.csproj", "{EFBDEE8F-6755-4FD9-8183-D5FFD748A758}"
EndProject
Project("{FAE04EC0-301F-11D3-BF4B-00C04F79EFBC}") = "Lab03", "Lab03\Lab03.csproj", "{8188E0E7-2CC6-4836-9D27-62CA558D3B1B}"
EndProject
Project("{FAE04EC0-301F-11D3-BF4B-00C04F79EFBC}") = "Hissi", "Hissi\Hissi.csproj", "{FA93404F-15EB-402E-8705-1DCDF5F5C115}"
EndProject
Project("{FAE04EC0-301F-11D3-BF4B-00C04F79EFBC}") = "Lab03T3Vahvistin", "Lab03T3Vahvistin\Lab03T3Vahvistin.csproj", "{764E5D28-C107-4DC3-AAC2-3B74380119EB}"
EndProject
Project("{FAE04EC0-301F-11D3-BF4B-00C04F79EFBC}") = "Lab04T4", "Lab04T4\Lab04T4.csproj", "{1B194F3D-D01F-4DB8-9F6D-E8547E5E1063}"
EndProject
Project("{FAE04EC0-301F-11D3-BF4B-00C04F79EFBC}") = "Lab04T5", "Lab04T5\Lab04T5.csproj", "{EB392BE2-C2FE-484A-ABDB-BA65C668C84F}"
EndProject
Project("{FAE04EC0-301F-11D3-BF4B-00C04F79EFBC}") = "Lab04T6", "Lab04T6\Lab04T6.csproj", "{25793C22-31F3-4C92-9F67-CF4B4E3B6F18}"
EndProject
Project("{FAE04EC0-301F-11D3-BF4B-00C04F79EFBC}") = "Lab04T7", "Lab04T7\Lab04T7.csproj", "{5121F5FE-E548-4E59-B0C1-CCC16D244260}"
EndProject
Project("{FAE04EC0-301F-11D3-BF4B-00C04F79EFBC}") = "TheThing", "TheThing\TheThing.csproj", "{CAB0F62B-A253-4360-AC23-E655C1251960}"
EndProject
Project("{FAE04EC0-301F-11D3-BF4B-00C04F79EFBC}") = "Lab05T1", "Lab05T1\Lab05T1.csproj", "{75AC3C94-A035-4975-A922-BBFED9CAF89F}"
EndProject
Project("{FAE04EC0-301F-11D3-BF4B-00C04F79EFBC}") = "Lab05T2", "Lab05T2\Lab05T2.csproj", "{EDCAACB0-D61F-4B97-8C80-F7524DB51310}"
EndProject
Project("{FAE04EC0-301F-11D3-BF4B-00C04F79EFBC}") = "Lab05T3", "Lab05T3\Lab05T3.csproj", "{DFD4DFBA-0DCB-4795-A9A4-218E13F0B557}"
EndProject
Project("{FAE04EC0-301F-11D3-BF4B-00C04F79EFBC}") = "Lab05T4", "Lab05T4\Lab05T4.csproj", "{0D4A031C-7DC0-48FB-911C-6918DE261FCB}"
EndProject
Project("{FAE04EC0-301F-11D3-BF4B-00C04F79EFBC}") = "Lab05T5", "Lab05T5\Lab05T5.csproj", "{92C69CC0-1275-44A4-AB97-019FC1AA1501}"
EndProject
Project("{FAE04EC0-301F-11D3-BF4B-00C04F79EFBC}") = "Lab07T1", "Lab07T1\Lab07T1.csproj", "{9F2A084E-78B3-4CA6-A294-76E119D3E0E5}"
EndProject
Project("{FAE04EC0-301F-11D3-BF4B-00C04F79EFBC}") = "Lab07T2", "Lab07T2\Lab07T2.csproj", "{3488B33B-3CFA-49CD-9AC4-124663D8B5F6}"
EndProject
Project("{FAE04EC0-301F-11D3-BF4B-00C04F79EFBC}") = "Lab07T3", "Lab07T3\Lab07T3.csproj", "{E76471D8-E335-4E5B-9E85-C2560BE95D21}"
EndProject
Project("{FAE04EC0-301F-11D3-BF4B-00C04F79EFBC}") = "Lab07T4", "Lab07T4\Lab07T4.csproj", "{E234500A-7C3E-4F2C-BC7F-A124115A685F}"
EndProject
Project("{FAE04EC0-301F-11D3-BF4B-00C04F79EFBC}") = "Lab08T1.0", "Lab08T1.0\Lab08T1.0.csproj", "{B4F18F1C-DF27-4A08-B6AC-0811EE845143}"
EndProject
Project("{FAE04EC0-301F-11D3-BF4B-00C04F79EFBC}") = "Lab08T2", "Lab08T2\Lab08T2.csproj", "{BE46E072-0363-4235-ADDC-45B184A8D702}"
EndProject
Project("{FAE04EC0-301F-11D3-BF4B-00C04F79EFBC}") = "Lab08T3", "Lab08T3\Lab08T3.csproj", "{8F68ED87-4F69-4A1B-B79F-1BE624919284}"
EndProject
Project("{FAE04EC0-301F-11D3-BF4B-00C04F79EFBC}") = "Testit", "Testit\Testit.csproj", "{A7BB2CB5-B4A3-4021-B5BE-861DC0E23DE1}"
EndProject
Project("{FAE04EC0-301F-11D3-BF4B-00C04F79EFBC}") = "Lab08T4", "Lab08T4\Lab08T4.csproj", "{02EF0297-C118-4A58-9AF5-EB6E3EAF8CA4}"
EndProject
Project("{FAE04EC0-301F-11D3-BF4B-00C04F79EFBC}") = "VK44", "VK44\VK44.csproj", "{66B072D3-D4DF-45FE-88F8-4AC2B543D4F8}"
EndProject
Project("{FAE04EC0-301F-11D3-BF4B-00C04F79EFBC}") = "Lab09T1", "Lab09T1\Lab09T1.csproj", "{C9B2A552-8F82-4628-A0CD-78085A1EEBD4}"
EndProject
Project("{FAE04EC0-301F-11D3-BF4B-00C04F79EFBC}") = "Lab09T2", "Lab09T2\Lab09T2.csproj", "{C6C5DDFA-B96E-42D2-BB60-6F4229E65B9F}"
EndProject
Project("{FAE04EC0-301F-11D3-BF4B-00C04F79EFBC}") = "Lab09T3", "Lab09T3\Lab09T3.csproj", "{CA35D24C-7AD4-4FFF-BE88-C36262F0AF3B}"
EndProject
Project("{FAE04EC0-301F-11D3-BF4B-00C04F79EFBC}") = "Lab9T4", "Lab9T4\Lab9T4.csproj", "{A846EC4D-5B77-4B14-97E4-56885E7B2B13}"
EndProject
Project("{FAE04EC0-301F-11D3-BF4B-00C04F79EFBC}") = "Lab09T5", "Lab09T5\Lab09T5.csproj", "{7DD1D20A-1B1D-4E51-9220-E2BBA6B09824}"
EndProject
Global
	GlobalSection(SolutionConfigurationPlatforms) = preSolution
		Ad-Hoc|Any CPU = Ad-Hoc|Any CPU
		Ad-Hoc|iPhone = Ad-Hoc|iPhone
		Ad-Hoc|iPhoneSimulator = Ad-Hoc|iPhoneSimulator
		AppStore|Any CPU = AppStore|Any CPU
		AppStore|iPhone = AppStore|iPhone
		AppStore|iPhoneSimulator = AppStore|iPhoneSimulator
		Debug|Any CPU = Debug|Any CPU
		Debug|iPhone = Debug|iPhone
		Debug|iPhoneSimulator = Debug|iPhoneSimulator
		Release|Any CPU = Release|Any CPU
		Release|iPhone = Release|iPhone
		Release|iPhoneSimulator = Release|iPhoneSimulator
	EndGlobalSection
	GlobalSection(ProjectConfigurationPlatforms) = postSolution
		{43D3A9D9-D831-46CD-BE33-1DE6770DB406}.Ad-Hoc|Any CPU.ActiveCfg = Release|Any CPU
		{43D3A9D9-D831-46CD-BE33-1DE6770DB406}.Ad-Hoc|Any CPU.Build.0 = Release|Any CPU
		{43D3A9D9-D831-46CD-BE33-1DE6770DB406}.Ad-Hoc|iPhone.ActiveCfg = Release|Any CPU
		{43D3A9D9-D831-46CD-BE33-1DE6770DB406}.Ad-Hoc|iPhone.Build.0 = Release|Any CPU
		{43D3A9D9-D831-46CD-BE33-1DE6770DB406}.Ad-Hoc|iPhoneSimulator.ActiveCfg = Release|Any CPU
		{43D3A9D9-D831-46CD-BE33-1DE6770DB406}.Ad-Hoc|iPhoneSimulator.Build.0 = Release|Any CPU
		{43D3A9D9-D831-46CD-BE33-1DE6770DB406}.AppStore|Any CPU.ActiveCfg = Release|Any CPU
		{43D3A9D9-D831-46CD-BE33-1DE6770DB406}.AppStore|Any CPU.Build.0 = Release|Any CPU
		{43D3A9D9-D831-46CD-BE33-1DE6770DB406}.AppStore|iPhone.ActiveCfg = Release|Any CPU
		{43D3A9D9-D831-46CD-BE33-1DE6770DB406}.AppStore|iPhone.Build.0 = Release|Any CPU
		{43D3A9D9-D831-46CD-BE33-1DE6770DB406}.AppStore|iPhoneSimulator.ActiveCfg = Release|Any CPU
		{43D3A9D9-D831-46CD-BE33-1DE6770DB406}.AppStore|iPhoneSimulator.Build.0 = Release|Any CPU
		{43D3A9D9-D831-46CD-BE33-1DE6770DB406}.Debug|Any CPU.ActiveCfg = Debug|Any CPU
		{43D3A9D9-D831-46CD-BE33-1DE6770DB406}.Debug|Any CPU.Build.0 = Debug|Any CPU
		{43D3A9D9-D831-46CD-BE33-1DE6770DB406}.Debug|iPhone.ActiveCfg = Debug|Any CPU
		{43D3A9D9-D831-46CD-BE33-1DE6770DB406}.Debug|iPhone.Build.0 = Debug|Any CPU
		{43D3A9D9-D831-46CD-BE33-1DE6770DB406}.Debug|iPhoneSimulator.ActiveCfg = Debug|Any CPU
		{43D3A9D9-D831-46CD-BE33-1DE6770DB406}.Debug|iPhoneSimulator.Build.0 = Debug|Any CPU
		{43D3A9D9-D831-46CD-BE33-1DE6770DB406}.Release|Any CPU.ActiveCfg = Release|Any CPU
		{43D3A9D9-D831-46CD-BE33-1DE6770DB406}.Release|Any CPU.Build.0 = Release|Any CPU
		{43D3A9D9-D831-46CD-BE33-1DE6770DB406}.Release|iPhone.ActiveCfg = Release|Any CPU
		{43D3A9D9-D831-46CD-BE33-1DE6770DB406}.Release|iPhone.Build.0 = Release|Any CPU
		{43D3A9D9-D831-46CD-BE33-1DE6770DB406}.Release|iPhoneSimulator.ActiveCfg = Release|Any CPU
		{43D3A9D9-D831-46CD-BE33-1DE6770DB406}.Release|iPhoneSimulator.Build.0 = Release|Any CPU
		{647E5B70-F18B-4837-8A73-4FCAFA7B4CB9}.Ad-Hoc|Any CPU.ActiveCfg = Release|Any CPU
		{647E5B70-F18B-4837-8A73-4FCAFA7B4CB9}.Ad-Hoc|Any CPU.Build.0 = Release|Any CPU
		{647E5B70-F18B-4837-8A73-4FCAFA7B4CB9}.Ad-Hoc|iPhone.ActiveCfg = Release|Any CPU
		{647E5B70-F18B-4837-8A73-4FCAFA7B4CB9}.Ad-Hoc|iPhone.Build.0 = Release|Any CPU
		{647E5B70-F18B-4837-8A73-4FCAFA7B4CB9}.Ad-Hoc|iPhoneSimulator.ActiveCfg = Release|Any CPU
		{647E5B70-F18B-4837-8A73-4FCAFA7B4CB9}.Ad-Hoc|iPhoneSimulator.Build.0 = Release|Any CPU
		{647E5B70-F18B-4837-8A73-4FCAFA7B4CB9}.AppStore|Any CPU.ActiveCfg = Release|Any CPU
		{647E5B70-F18B-4837-8A73-4FCAFA7B4CB9}.AppStore|Any CPU.Build.0 = Release|Any CPU
		{647E5B70-F18B-4837-8A73-4FCAFA7B4CB9}.AppStore|iPhone.ActiveCfg = Release|Any CPU
		{647E5B70-F18B-4837-8A73-4FCAFA7B4CB9}.AppStore|iPhone.Build.0 = Release|Any CPU
		{647E5B70-F18B-4837-8A73-4FCAFA7B4CB9}.AppStore|iPhoneSimulator.ActiveCfg = Release|Any CPU
		{647E5B70-F18B-4837-8A73-4FCAFA7B4CB9}.AppStore|iPhoneSimulator.Build.0 = Release|Any CPU
		{647E5B70-F18B-4837-8A73-4FCAFA7B4CB9}.Debug|Any CPU.ActiveCfg = Debug|Any CPU
		{647E5B70-F18B-4837-8A73-4FCAFA7B4CB9}.Debug|Any CPU.Build.0 = Debug|Any CPU
		{647E5B70-F18B-4837-8A73-4FCAFA7B4CB9}.Debug|iPhone.ActiveCfg = Debug|Any CPU
		{647E5B70-F18B-4837-8A73-4FCAFA7B4CB9}.Debug|iPhone.Build.0 = Debug|Any CPU
		{647E5B70-F18B-4837-8A73-4FCAFA7B4CB9}.Debug|iPhoneSimulator.ActiveCfg = Debug|Any CPU
		{647E5B70-F18B-4837-8A73-4FCAFA7B4CB9}.Debug|iPhoneSimulator.Build.0 = Debug|Any CPU
		{647E5B70-F18B-4837-8A73-4FCAFA7B4CB9}.Release|Any CPU.ActiveCfg = Release|Any CPU
		{647E5B70-F18B-4837-8A73-4FCAFA7B4CB9}.Release|Any CPU.Build.0 = Release|Any CPU
		{647E5B70-F18B-4837-8A73-4FCAFA7B4CB9}.Release|iPhone.ActiveCfg = Release|Any CPU
		{647E5B70-F18B-4837-8A73-4FCAFA7B4CB9}.Release|iPhone.Build.0 = Release|Any CPU
		{647E5B70-F18B-4837-8A73-4FCAFA7B4CB9}.Release|iPhoneSimulator.ActiveCfg = Release|Any CPU
		{647E5B70-F18B-4837-8A73-4FCAFA7B4CB9}.Release|iPhoneSimulator.Build.0 = Release|Any CPU
		{36EA85A8-D4AC-4DAE-9D06-467D825C65B7}.Ad-Hoc|Any CPU.ActiveCfg = Release|Any CPU
		{36EA85A8-D4AC-4DAE-9D06-467D825C65B7}.Ad-Hoc|Any CPU.Build.0 = Release|Any CPU
		{36EA85A8-D4AC-4DAE-9D06-467D825C65B7}.Ad-Hoc|iPhone.ActiveCfg = Release|Any CPU
		{36EA85A8-D4AC-4DAE-9D06-467D825C65B7}.Ad-Hoc|iPhone.Build.0 = Release|Any CPU
		{36EA85A8-D4AC-4DAE-9D06-467D825C65B7}.Ad-Hoc|iPhoneSimulator.ActiveCfg = Release|Any CPU
		{36EA85A8-D4AC-4DAE-9D06-467D825C65B7}.Ad-Hoc|iPhoneSimulator.Build.0 = Release|Any CPU
		{36EA85A8-D4AC-4DAE-9D06-467D825C65B7}.AppStore|Any CPU.ActiveCfg = Release|Any CPU
		{36EA85A8-D4AC-4DAE-9D06-467D825C65B7}.AppStore|Any CPU.Build.0 = Release|Any CPU
		{36EA85A8-D4AC-4DAE-9D06-467D825C65B7}.AppStore|iPhone.ActiveCfg = Release|Any CPU
		{36EA85A8-D4AC-4DAE-9D06-467D825C65B7}.AppStore|iPhone.Build.0 = Release|Any CPU
		{36EA85A8-D4AC-4DAE-9D06-467D825C65B7}.AppStore|iPhoneSimulator.ActiveCfg = Release|Any CPU
		{36EA85A8-D4AC-4DAE-9D06-467D825C65B7}.AppStore|iPhoneSimulator.Build.0 = Release|Any CPU
		{36EA85A8-D4AC-4DAE-9D06-467D825C65B7}.Debug|Any CPU.ActiveCfg = Debug|Any CPU
		{36EA85A8-D4AC-4DAE-9D06-467D825C65B7}.Debug|Any CPU.Build.0 = Debug|Any CPU
		{36EA85A8-D4AC-4DAE-9D06-467D825C65B7}.Debug|iPhone.ActiveCfg = Debug|Any CPU
		{36EA85A8-D4AC-4DAE-9D06-467D825C65B7}.Debug|iPhone.Build.0 = Debug|Any CPU
		{36EA85A8-D4AC-4DAE-9D06-467D825C65B7}.Debug|iPhoneSimulator.ActiveCfg = Debug|Any CPU
		{36EA85A8-D4AC-4DAE-9D06-467D825C65B7}.Debug|iPhoneSimulator.Build.0 = Debug|Any CPU
		{36EA85A8-D4AC-4DAE-9D06-467D825C65B7}.Release|Any CPU.ActiveCfg = Release|Any CPU
		{36EA85A8-D4AC-4DAE-9D06-467D825C65B7}.Release|Any CPU.Build.0 = Release|Any CPU
		{36EA85A8-D4AC-4DAE-9D06-467D825C65B7}.Release|iPhone.ActiveCfg = Release|Any CPU
		{36EA85A8-D4AC-4DAE-9D06-467D825C65B7}.Release|iPhone.Build.0 = Release|Any CPU
		{36EA85A8-D4AC-4DAE-9D06-467D825C65B7}.Release|iPhoneSimulator.ActiveCfg = Release|Any CPU
		{36EA85A8-D4AC-4DAE-9D06-467D825C65B7}.Release|iPhoneSimulator.Build.0 = Release|Any CPU
		{EFBDEE8F-6755-4FD9-8183-D5FFD748A758}.Ad-Hoc|Any CPU.ActiveCfg = Release|Any CPU
		{EFBDEE8F-6755-4FD9-8183-D5FFD748A758}.Ad-Hoc|Any CPU.Build.0 = Release|Any CPU
		{EFBDEE8F-6755-4FD9-8183-D5FFD748A758}.Ad-Hoc|iPhone.ActiveCfg = Release|Any CPU
		{EFBDEE8F-6755-4FD9-8183-D5FFD748A758}.Ad-Hoc|iPhone.Build.0 = Release|Any CPU
		{EFBDEE8F-6755-4FD9-8183-D5FFD748A758}.Ad-Hoc|iPhoneSimulator.ActiveCfg = Release|Any CPU
		{EFBDEE8F-6755-4FD9-8183-D5FFD748A758}.Ad-Hoc|iPhoneSimulator.Build.0 = Release|Any CPU
		{EFBDEE8F-6755-4FD9-8183-D5FFD748A758}.AppStore|Any CPU.ActiveCfg = Release|Any CPU
		{EFBDEE8F-6755-4FD9-8183-D5FFD748A758}.AppStore|Any CPU.Build.0 = Release|Any CPU
		{EFBDEE8F-6755-4FD9-8183-D5FFD748A758}.AppStore|iPhone.ActiveCfg = Release|Any CPU
		{EFBDEE8F-6755-4FD9-8183-D5FFD748A758}.AppStore|iPhone.Build.0 = Release|Any CPU
		{EFBDEE8F-6755-4FD9-8183-D5FFD748A758}.AppStore|iPhoneSimulator.ActiveCfg = Release|Any CPU
		{EFBDEE8F-6755-4FD9-8183-D5FFD748A758}.AppStore|iPhoneSimulator.Build.0 = Release|Any CPU
		{EFBDEE8F-6755-4FD9-8183-D5FFD748A758}.Debug|Any CPU.ActiveCfg = Debug|Any CPU
		{EFBDEE8F-6755-4FD9-8183-D5FFD748A758}.Debug|Any CPU.Build.0 = Debug|Any CPU
		{EFBDEE8F-6755-4FD9-8183-D5FFD748A758}.Debug|iPhone.ActiveCfg = Debug|Any CPU
		{EFBDEE8F-6755-4FD9-8183-D5FFD748A758}.Debug|iPhone.Build.0 = Debug|Any CPU
		{EFBDEE8F-6755-4FD9-8183-D5FFD748A758}.Debug|iPhoneSimulator.ActiveCfg = Debug|Any CPU
		{EFBDEE8F-6755-4FD9-8183-D5FFD748A758}.Debug|iPhoneSimulator.Build.0 = Debug|Any CPU
		{EFBDEE8F-6755-4FD9-8183-D5FFD748A758}.Release|Any CPU.ActiveCfg = Release|Any CPU
		{EFBDEE8F-6755-4FD9-8183-D5FFD748A758}.Release|Any CPU.Build.0 = Release|Any CPU
		{EFBDEE8F-6755-4FD9-8183-D5FFD748A758}.Release|iPhone.ActiveCfg = Release|Any CPU
		{EFBDEE8F-6755-4FD9-8183-D5FFD748A758}.Release|iPhone.Build.0 = Release|Any CPU
		{EFBDEE8F-6755-4FD9-8183-D5FFD748A758}.Release|iPhoneSimulator.ActiveCfg = Release|Any CPU
		{EFBDEE8F-6755-4FD9-8183-D5FFD748A758}.Release|iPhoneSimulator.Build.0 = Release|Any CPU
		{8188E0E7-2CC6-4836-9D27-62CA558D3B1B}.Ad-Hoc|Any CPU.ActiveCfg = Release|Any CPU
		{8188E0E7-2CC6-4836-9D27-62CA558D3B1B}.Ad-Hoc|Any CPU.Build.0 = Release|Any CPU
		{8188E0E7-2CC6-4836-9D27-62CA558D3B1B}.Ad-Hoc|iPhone.ActiveCfg = Release|Any CPU
		{8188E0E7-2CC6-4836-9D27-62CA558D3B1B}.Ad-Hoc|iPhone.Build.0 = Release|Any CPU
		{8188E0E7-2CC6-4836-9D27-62CA558D3B1B}.Ad-Hoc|iPhoneSimulator.ActiveCfg = Release|Any CPU
		{8188E0E7-2CC6-4836-9D27-62CA558D3B1B}.Ad-Hoc|iPhoneSimulator.Build.0 = Release|Any CPU
		{8188E0E7-2CC6-4836-9D27-62CA558D3B1B}.AppStore|Any CPU.ActiveCfg = Release|Any CPU
		{8188E0E7-2CC6-4836-9D27-62CA558D3B1B}.AppStore|Any CPU.Build.0 = Release|Any CPU
		{8188E0E7-2CC6-4836-9D27-62CA558D3B1B}.AppStore|iPhone.ActiveCfg = Release|Any CPU
		{8188E0E7-2CC6-4836-9D27-62CA558D3B1B}.AppStore|iPhone.Build.0 = Release|Any CPU
		{8188E0E7-2CC6-4836-9D27-62CA558D3B1B}.AppStore|iPhoneSimulator.ActiveCfg = Release|Any CPU
		{8188E0E7-2CC6-4836-9D27-62CA558D3B1B}.AppStore|iPhoneSimulator.Build.0 = Release|Any CPU
		{8188E0E7-2CC6-4836-9D27-62CA558D3B1B}.Debug|Any CPU.ActiveCfg = Debug|Any CPU
		{8188E0E7-2CC6-4836-9D27-62CA558D3B1B}.Debug|Any CPU.Build.0 = Debug|Any CPU
		{8188E0E7-2CC6-4836-9D27-62CA558D3B1B}.Debug|iPhone.ActiveCfg = Debug|Any CPU
		{8188E0E7-2CC6-4836-9D27-62CA558D3B1B}.Debug|iPhone.Build.0 = Debug|Any CPU
		{8188E0E7-2CC6-4836-9D27-62CA558D3B1B}.Debug|iPhoneSimulator.ActiveCfg = Debug|Any CPU
		{8188E0E7-2CC6-4836-9D27-62CA558D3B1B}.Debug|iPhoneSimulator.Build.0 = Debug|Any CPU
		{8188E0E7-2CC6-4836-9D27-62CA558D3B1B}.Release|Any CPU.ActiveCfg = Release|Any CPU
		{8188E0E7-2CC6-4836-9D27-62CA558D3B1B}.Release|Any CPU.Build.0 = Release|Any CPU
		{8188E0E7-2CC6-4836-9D27-62CA558D3B1B}.Release|iPhone.ActiveCfg = Release|Any CPU
		{8188E0E7-2CC6-4836-9D27-62CA558D3B1B}.Release|iPhone.Build.0 = Release|Any CPU
		{8188E0E7-2CC6-4836-9D27-62CA558D3B1B}.Release|iPhoneSimulator.ActiveCfg = Release|Any CPU
		{8188E0E7-2CC6-4836-9D27-62CA558D3B1B}.Release|iPhoneSimulator.Build.0 = Release|Any CPU
		{FA93404F-15EB-402E-8705-1DCDF5F5C115}.Ad-Hoc|Any CPU.ActiveCfg = Release|Any CPU
		{FA93404F-15EB-402E-8705-1DCDF5F5C115}.Ad-Hoc|Any CPU.Build.0 = Release|Any CPU
		{FA93404F-15EB-402E-8705-1DCDF5F5C115}.Ad-Hoc|iPhone.ActiveCfg = Release|Any CPU
		{FA93404F-15EB-402E-8705-1DCDF5F5C115}.Ad-Hoc|iPhone.Build.0 = Release|Any CPU
		{FA93404F-15EB-402E-8705-1DCDF5F5C115}.Ad-Hoc|iPhoneSimulator.ActiveCfg = Release|Any CPU
		{FA93404F-15EB-402E-8705-1DCDF5F5C115}.Ad-Hoc|iPhoneSimulator.Build.0 = Release|Any CPU
		{FA93404F-15EB-402E-8705-1DCDF5F5C115}.AppStore|Any CPU.ActiveCfg = Release|Any CPU
		{FA93404F-15EB-402E-8705-1DCDF5F5C115}.AppStore|Any CPU.Build.0 = Release|Any CPU
		{FA93404F-15EB-402E-8705-1DCDF5F5C115}.AppStore|iPhone.ActiveCfg = Release|Any CPU
		{FA93404F-15EB-402E-8705-1DCDF5F5C115}.AppStore|iPhone.Build.0 = Release|Any CPU
		{FA93404F-15EB-402E-8705-1DCDF5F5C115}.AppStore|iPhoneSimulator.ActiveCfg = Release|Any CPU
		{FA93404F-15EB-402E-8705-1DCDF5F5C115}.AppStore|iPhoneSimulator.Build.0 = Release|Any CPU
		{FA93404F-15EB-402E-8705-1DCDF5F5C115}.Debug|Any CPU.ActiveCfg = Debug|Any CPU
		{FA93404F-15EB-402E-8705-1DCDF5F5C115}.Debug|Any CPU.Build.0 = Debug|Any CPU
		{FA93404F-15EB-402E-8705-1DCDF5F5C115}.Debug|iPhone.ActiveCfg = Debug|Any CPU
		{FA93404F-15EB-402E-8705-1DCDF5F5C115}.Debug|iPhone.Build.0 = Debug|Any CPU
		{FA93404F-15EB-402E-8705-1DCDF5F5C115}.Debug|iPhoneSimulator.ActiveCfg = Debug|Any CPU
		{FA93404F-15EB-402E-8705-1DCDF5F5C115}.Debug|iPhoneSimulator.Build.0 = Debug|Any CPU
		{FA93404F-15EB-402E-8705-1DCDF5F5C115}.Release|Any CPU.ActiveCfg = Release|Any CPU
		{FA93404F-15EB-402E-8705-1DCDF5F5C115}.Release|Any CPU.Build.0 = Release|Any CPU
		{FA93404F-15EB-402E-8705-1DCDF5F5C115}.Release|iPhone.ActiveCfg = Release|Any CPU
		{FA93404F-15EB-402E-8705-1DCDF5F5C115}.Release|iPhone.Build.0 = Release|Any CPU
		{FA93404F-15EB-402E-8705-1DCDF5F5C115}.Release|iPhoneSimulator.ActiveCfg = Release|Any CPU
		{FA93404F-15EB-402E-8705-1DCDF5F5C115}.Release|iPhoneSimulator.Build.0 = Release|Any CPU
		{764E5D28-C107-4DC3-AAC2-3B74380119EB}.Ad-Hoc|Any CPU.ActiveCfg = Release|Any CPU
		{764E5D28-C107-4DC3-AAC2-3B74380119EB}.Ad-Hoc|Any CPU.Build.0 = Release|Any CPU
		{764E5D28-C107-4DC3-AAC2-3B74380119EB}.Ad-Hoc|iPhone.ActiveCfg = Release|Any CPU
		{764E5D28-C107-4DC3-AAC2-3B74380119EB}.Ad-Hoc|iPhone.Build.0 = Release|Any CPU
		{764E5D28-C107-4DC3-AAC2-3B74380119EB}.Ad-Hoc|iPhoneSimulator.ActiveCfg = Release|Any CPU
		{764E5D28-C107-4DC3-AAC2-3B74380119EB}.Ad-Hoc|iPhoneSimulator.Build.0 = Release|Any CPU
		{764E5D28-C107-4DC3-AAC2-3B74380119EB}.AppStore|Any CPU.ActiveCfg = Release|Any CPU
		{764E5D28-C107-4DC3-AAC2-3B74380119EB}.AppStore|Any CPU.Build.0 = Release|Any CPU
		{764E5D28-C107-4DC3-AAC2-3B74380119EB}.AppStore|iPhone.ActiveCfg = Release|Any CPU
		{764E5D28-C107-4DC3-AAC2-3B74380119EB}.AppStore|iPhone.Build.0 = Release|Any CPU
		{764E5D28-C107-4DC3-AAC2-3B74380119EB}.AppStore|iPhoneSimulator.ActiveCfg = Release|Any CPU
		{764E5D28-C107-4DC3-AAC2-3B74380119EB}.AppStore|iPhoneSimulator.Build.0 = Release|Any CPU
		{764E5D28-C107-4DC3-AAC2-3B74380119EB}.Debug|Any CPU.ActiveCfg = Debug|Any CPU
		{764E5D28-C107-4DC3-AAC2-3B74380119EB}.Debug|Any CPU.Build.0 = Debug|Any CPU
		{764E5D28-C107-4DC3-AAC2-3B74380119EB}.Debug|iPhone.ActiveCfg = Debug|Any CPU
		{764E5D28-C107-4DC3-AAC2-3B74380119EB}.Debug|iPhone.Build.0 = Debug|Any CPU
		{764E5D28-C107-4DC3-AAC2-3B74380119EB}.Debug|iPhoneSimulator.ActiveCfg = Debug|Any CPU
		{764E5D28-C107-4DC3-AAC2-3B74380119EB}.Debug|iPhoneSimulator.Build.0 = Debug|Any CPU
		{764E5D28-C107-4DC3-AAC2-3B74380119EB}.Release|Any CPU.ActiveCfg = Release|Any CPU
		{764E5D28-C107-4DC3-AAC2-3B74380119EB}.Release|Any CPU.Build.0 = Release|Any CPU
		{764E5D28-C107-4DC3-AAC2-3B74380119EB}.Release|iPhone.ActiveCfg = Release|Any CPU
		{764E5D28-C107-4DC3-AAC2-3B74380119EB}.Release|iPhone.Build.0 = Release|Any CPU
		{764E5D28-C107-4DC3-AAC2-3B74380119EB}.Release|iPhoneSimulator.ActiveCfg = Release|Any CPU
		{764E5D28-C107-4DC3-AAC2-3B74380119EB}.Release|iPhoneSimulator.Build.0 = Release|Any CPU
		{1B194F3D-D01F-4DB8-9F6D-E8547E5E1063}.Ad-Hoc|Any CPU.ActiveCfg = Release|Any CPU
		{1B194F3D-D01F-4DB8-9F6D-E8547E5E1063}.Ad-Hoc|Any CPU.Build.0 = Release|Any CPU
		{1B194F3D-D01F-4DB8-9F6D-E8547E5E1063}.Ad-Hoc|iPhone.ActiveCfg = Release|Any CPU
		{1B194F3D-D01F-4DB8-9F6D-E8547E5E1063}.Ad-Hoc|iPhone.Build.0 = Release|Any CPU
		{1B194F3D-D01F-4DB8-9F6D-E8547E5E1063}.Ad-Hoc|iPhoneSimulator.ActiveCfg = Release|Any CPU
		{1B194F3D-D01F-4DB8-9F6D-E8547E5E1063}.Ad-Hoc|iPhoneSimulator.Build.0 = Release|Any CPU
		{1B194F3D-D01F-4DB8-9F6D-E8547E5E1063}.AppStore|Any CPU.ActiveCfg = Release|Any CPU
		{1B194F3D-D01F-4DB8-9F6D-E8547E5E1063}.AppStore|Any CPU.Build.0 = Release|Any CPU
		{1B194F3D-D01F-4DB8-9F6D-E8547E5E1063}.AppStore|iPhone.ActiveCfg = Release|Any CPU
		{1B194F3D-D01F-4DB8-9F6D-E8547E5E1063}.AppStore|iPhone.Build.0 = Release|Any CPU
		{1B194F3D-D01F-4DB8-9F6D-E8547E5E1063}.AppStore|iPhoneSimulator.ActiveCfg = Release|Any CPU
		{1B194F3D-D01F-4DB8-9F6D-E8547E5E1063}.AppStore|iPhoneSimulator.Build.0 = Release|Any CPU
		{1B194F3D-D01F-4DB8-9F6D-E8547E5E1063}.Debug|Any CPU.ActiveCfg = Debug|Any CPU
		{1B194F3D-D01F-4DB8-9F6D-E8547E5E1063}.Debug|Any CPU.Build.0 = Debug|Any CPU
		{1B194F3D-D01F-4DB8-9F6D-E8547E5E1063}.Debug|iPhone.ActiveCfg = Debug|Any CPU
		{1B194F3D-D01F-4DB8-9F6D-E8547E5E1063}.Debug|iPhone.Build.0 = Debug|Any CPU
		{1B194F3D-D01F-4DB8-9F6D-E8547E5E1063}.Debug|iPhoneSimulator.ActiveCfg = Debug|Any CPU
		{1B194F3D-D01F-4DB8-9F6D-E8547E5E1063}.Debug|iPhoneSimulator.Build.0 = Debug|Any CPU
		{1B194F3D-D01F-4DB8-9F6D-E8547E5E1063}.Release|Any CPU.ActiveCfg = Release|Any CPU
		{1B194F3D-D01F-4DB8-9F6D-E8547E5E1063}.Release|Any CPU.Build.0 = Release|Any CPU
		{1B194F3D-D01F-4DB8-9F6D-E8547E5E1063}.Release|iPhone.ActiveCfg = Release|Any CPU
		{1B194F3D-D01F-4DB8-9F6D-E8547E5E1063}.Release|iPhone.Build.0 = Release|Any CPU
		{1B194F3D-D01F-4DB8-9F6D-E8547E5E1063}.Release|iPhoneSimulator.ActiveCfg = Release|Any CPU
		{1B194F3D-D01F-4DB8-9F6D-E8547E5E1063}.Release|iPhoneSimulator.Build.0 = Release|Any CPU
		{EB392BE2-C2FE-484A-ABDB-BA65C668C84F}.Ad-Hoc|Any CPU.ActiveCfg = Release|Any CPU
		{EB392BE2-C2FE-484A-ABDB-BA65C668C84F}.Ad-Hoc|Any CPU.Build.0 = Release|Any CPU
		{EB392BE2-C2FE-484A-ABDB-BA65C668C84F}.Ad-Hoc|iPhone.ActiveCfg = Release|Any CPU
		{EB392BE2-C2FE-484A-ABDB-BA65C668C84F}.Ad-Hoc|iPhone.Build.0 = Release|Any CPU
		{EB392BE2-C2FE-484A-ABDB-BA65C668C84F}.Ad-Hoc|iPhoneSimulator.ActiveCfg = Release|Any CPU
		{EB392BE2-C2FE-484A-ABDB-BA65C668C84F}.Ad-Hoc|iPhoneSimulator.Build.0 = Release|Any CPU
		{EB392BE2-C2FE-484A-ABDB-BA65C668C84F}.AppStore|Any CPU.ActiveCfg = Release|Any CPU
		{EB392BE2-C2FE-484A-ABDB-BA65C668C84F}.AppStore|Any CPU.Build.0 = Release|Any CPU
		{EB392BE2-C2FE-484A-ABDB-BA65C668C84F}.AppStore|iPhone.ActiveCfg = Release|Any CPU
		{EB392BE2-C2FE-484A-ABDB-BA65C668C84F}.AppStore|iPhone.Build.0 = Release|Any CPU
		{EB392BE2-C2FE-484A-ABDB-BA65C668C84F}.AppStore|iPhoneSimulator.ActiveCfg = Release|Any CPU
		{EB392BE2-C2FE-484A-ABDB-BA65C668C84F}.AppStore|iPhoneSimulator.Build.0 = Release|Any CPU
		{EB392BE2-C2FE-484A-ABDB-BA65C668C84F}.Debug|Any CPU.ActiveCfg = Debug|Any CPU
		{EB392BE2-C2FE-484A-ABDB-BA65C668C84F}.Debug|Any CPU.Build.0 = Debug|Any CPU
		{EB392BE2-C2FE-484A-ABDB-BA65C668C84F}.Debug|iPhone.ActiveCfg = Debug|Any CPU
		{EB392BE2-C2FE-484A-ABDB-BA65C668C84F}.Debug|iPhone.Build.0 = Debug|Any CPU
		{EB392BE2-C2FE-484A-ABDB-BA65C668C84F}.Debug|iPhoneSimulator.ActiveCfg = Debug|Any CPU
		{EB392BE2-C2FE-484A-ABDB-BA65C668C84F}.Debug|iPhoneSimulator.Build.0 = Debug|Any CPU
		{EB392BE2-C2FE-484A-ABDB-BA65C668C84F}.Release|Any CPU.ActiveCfg = Release|Any CPU
		{EB392BE2-C2FE-484A-ABDB-BA65C668C84F}.Release|Any CPU.Build.0 = Release|Any CPU
		{EB392BE2-C2FE-484A-ABDB-BA65C668C84F}.Release|iPhone.ActiveCfg = Release|Any CPU
		{EB392BE2-C2FE-484A-ABDB-BA65C668C84F}.Release|iPhone.Build.0 = Release|Any CPU
		{EB392BE2-C2FE-484A-ABDB-BA65C668C84F}.Release|iPhoneSimulator.ActiveCfg = Release|Any CPU
		{EB392BE2-C2FE-484A-ABDB-BA65C668C84F}.Release|iPhoneSimulator.Build.0 = Release|Any CPU
		{25793C22-31F3-4C92-9F67-CF4B4E3B6F18}.Ad-Hoc|Any CPU.ActiveCfg = Release|Any CPU
		{25793C22-31F3-4C92-9F67-CF4B4E3B6F18}.Ad-Hoc|Any CPU.Build.0 = Release|Any CPU
		{25793C22-31F3-4C92-9F67-CF4B4E3B6F18}.Ad-Hoc|iPhone.ActiveCfg = Release|Any CPU
		{25793C22-31F3-4C92-9F67-CF4B4E3B6F18}.Ad-Hoc|iPhone.Build.0 = Release|Any CPU
		{25793C22-31F3-4C92-9F67-CF4B4E3B6F18}.Ad-Hoc|iPhoneSimulator.ActiveCfg = Release|Any CPU
		{25793C22-31F3-4C92-9F67-CF4B4E3B6F18}.Ad-Hoc|iPhoneSimulator.Build.0 = Release|Any CPU
		{25793C22-31F3-4C92-9F67-CF4B4E3B6F18}.AppStore|Any CPU.ActiveCfg = Release|Any CPU
		{25793C22-31F3-4C92-9F67-CF4B4E3B6F18}.AppStore|Any CPU.Build.0 = Release|Any CPU
		{25793C22-31F3-4C92-9F67-CF4B4E3B6F18}.AppStore|iPhone.ActiveCfg = Release|Any CPU
		{25793C22-31F3-4C92-9F67-CF4B4E3B6F18}.AppStore|iPhone.Build.0 = Release|Any CPU
		{25793C22-31F3-4C92-9F67-CF4B4E3B6F18}.AppStore|iPhoneSimulator.ActiveCfg = Release|Any CPU
		{25793C22-31F3-4C92-9F67-CF4B4E3B6F18}.AppStore|iPhoneSimulator.Build.0 = Release|Any CPU
		{25793C22-31F3-4C92-9F67-CF4B4E3B6F18}.Debug|Any CPU.ActiveCfg = Debug|Any CPU
		{25793C22-31F3-4C92-9F67-CF4B4E3B6F18}.Debug|Any CPU.Build.0 = Debug|Any CPU
		{25793C22-31F3-4C92-9F67-CF4B4E3B6F18}.Debug|iPhone.ActiveCfg = Debug|Any CPU
		{25793C22-31F3-4C92-9F67-CF4B4E3B6F18}.Debug|iPhone.Build.0 = Debug|Any CPU
		{25793C22-31F3-4C92-9F67-CF4B4E3B6F18}.Debug|iPhoneSimulator.ActiveCfg = Debug|Any CPU
		{25793C22-31F3-4C92-9F67-CF4B4E3B6F18}.Debug|iPhoneSimulator.Build.0 = Debug|Any CPU
		{25793C22-31F3-4C92-9F67-CF4B4E3B6F18}.Release|Any CPU.ActiveCfg = Release|Any CPU
		{25793C22-31F3-4C92-9F67-CF4B4E3B6F18}.Release|Any CPU.Build.0 = Release|Any CPU
		{25793C22-31F3-4C92-9F67-CF4B4E3B6F18}.Release|iPhone.ActiveCfg = Release|Any CPU
		{25793C22-31F3-4C92-9F67-CF4B4E3B6F18}.Release|iPhone.Build.0 = Release|Any CPU
		{25793C22-31F3-4C92-9F67-CF4B4E3B6F18}.Release|iPhoneSimulator.ActiveCfg = Release|Any CPU
		{25793C22-31F3-4C92-9F67-CF4B4E3B6F18}.Release|iPhoneSimulator.Build.0 = Release|Any CPU
		{5121F5FE-E548-4E59-B0C1-CCC16D244260}.Ad-Hoc|Any CPU.ActiveCfg = Release|Any CPU
		{5121F5FE-E548-4E59-B0C1-CCC16D244260}.Ad-Hoc|Any CPU.Build.0 = Release|Any CPU
		{5121F5FE-E548-4E59-B0C1-CCC16D244260}.Ad-Hoc|iPhone.ActiveCfg = Release|Any CPU
		{5121F5FE-E548-4E59-B0C1-CCC16D244260}.Ad-Hoc|iPhone.Build.0 = Release|Any CPU
		{5121F5FE-E548-4E59-B0C1-CCC16D244260}.Ad-Hoc|iPhoneSimulator.ActiveCfg = Release|Any CPU
		{5121F5FE-E548-4E59-B0C1-CCC16D244260}.Ad-Hoc|iPhoneSimulator.Build.0 = Release|Any CPU
		{5121F5FE-E548-4E59-B0C1-CCC16D244260}.AppStore|Any CPU.ActiveCfg = Release|Any CPU
		{5121F5FE-E548-4E59-B0C1-CCC16D244260}.AppStore|Any CPU.Build.0 = Release|Any CPU
		{5121F5FE-E548-4E59-B0C1-CCC16D244260}.AppStore|iPhone.ActiveCfg = Release|Any CPU
		{5121F5FE-E548-4E59-B0C1-CCC16D244260}.AppStore|iPhone.Build.0 = Release|Any CPU
		{5121F5FE-E548-4E59-B0C1-CCC16D244260}.AppStore|iPhoneSimulator.ActiveCfg = Release|Any CPU
		{5121F5FE-E548-4E59-B0C1-CCC16D244260}.AppStore|iPhoneSimulator.Build.0 = Release|Any CPU
		{5121F5FE-E548-4E59-B0C1-CCC16D244260}.Debug|Any CPU.ActiveCfg = Debug|Any CPU
		{5121F5FE-E548-4E59-B0C1-CCC16D244260}.Debug|Any CPU.Build.0 = Debug|Any CPU
		{5121F5FE-E548-4E59-B0C1-CCC16D244260}.Debug|iPhone.ActiveCfg = Debug|Any CPU
		{5121F5FE-E548-4E59-B0C1-CCC16D244260}.Debug|iPhone.Build.0 = Debug|Any CPU
		{5121F5FE-E548-4E59-B0C1-CCC16D244260}.Debug|iPhoneSimulator.ActiveCfg = Debug|Any CPU
		{5121F5FE-E548-4E59-B0C1-CCC16D244260}.Debug|iPhoneSimulator.Build.0 = Debug|Any CPU
		{5121F5FE-E548-4E59-B0C1-CCC16D244260}.Release|Any CPU.ActiveCfg = Release|Any CPU
		{5121F5FE-E548-4E59-B0C1-CCC16D244260}.Release|Any CPU.Build.0 = Release|Any CPU
		{5121F5FE-E548-4E59-B0C1-CCC16D244260}.Release|iPhone.ActiveCfg = Release|Any CPU
		{5121F5FE-E548-4E59-B0C1-CCC16D244260}.Release|iPhone.Build.0 = Release|Any CPU
		{5121F5FE-E548-4E59-B0C1-CCC16D244260}.Release|iPhoneSimulator.ActiveCfg = Release|Any CPU
		{5121F5FE-E548-4E59-B0C1-CCC16D244260}.Release|iPhoneSimulator.Build.0 = Release|Any CPU
		{CAB0F62B-A253-4360-AC23-E655C1251960}.Ad-Hoc|Any CPU.ActiveCfg = Release|Any CPU
		{CAB0F62B-A253-4360-AC23-E655C1251960}.Ad-Hoc|Any CPU.Build.0 = Release|Any CPU
		{CAB0F62B-A253-4360-AC23-E655C1251960}.Ad-Hoc|iPhone.ActiveCfg = Release|Any CPU
		{CAB0F62B-A253-4360-AC23-E655C1251960}.Ad-Hoc|iPhone.Build.0 = Release|Any CPU
		{CAB0F62B-A253-4360-AC23-E655C1251960}.Ad-Hoc|iPhoneSimulator.ActiveCfg = Release|Any CPU
		{CAB0F62B-A253-4360-AC23-E655C1251960}.Ad-Hoc|iPhoneSimulator.Build.0 = Release|Any CPU
		{CAB0F62B-A253-4360-AC23-E655C1251960}.AppStore|Any CPU.ActiveCfg = Release|Any CPU
		{CAB0F62B-A253-4360-AC23-E655C1251960}.AppStore|Any CPU.Build.0 = Release|Any CPU
		{CAB0F62B-A253-4360-AC23-E655C1251960}.AppStore|iPhone.ActiveCfg = Release|Any CPU
		{CAB0F62B-A253-4360-AC23-E655C1251960}.AppStore|iPhone.Build.0 = Release|Any CPU
		{CAB0F62B-A253-4360-AC23-E655C1251960}.AppStore|iPhoneSimulator.ActiveCfg = Release|Any CPU
		{CAB0F62B-A253-4360-AC23-E655C1251960}.AppStore|iPhoneSimulator.Build.0 = Release|Any CPU
		{CAB0F62B-A253-4360-AC23-E655C1251960}.Debug|Any CPU.ActiveCfg = Debug|Any CPU
		{CAB0F62B-A253-4360-AC23-E655C1251960}.Debug|Any CPU.Build.0 = Debug|Any CPU
		{CAB0F62B-A253-4360-AC23-E655C1251960}.Debug|iPhone.ActiveCfg = Debug|Any CPU
		{CAB0F62B-A253-4360-AC23-E655C1251960}.Debug|iPhone.Build.0 = Debug|Any CPU
		{CAB0F62B-A253-4360-AC23-E655C1251960}.Debug|iPhoneSimulator.ActiveCfg = Debug|Any CPU
		{CAB0F62B-A253-4360-AC23-E655C1251960}.Debug|iPhoneSimulator.Build.0 = Debug|Any CPU
		{CAB0F62B-A253-4360-AC23-E655C1251960}.Release|Any CPU.ActiveCfg = Release|Any CPU
		{CAB0F62B-A253-4360-AC23-E655C1251960}.Release|Any CPU.Build.0 = Release|Any CPU
		{CAB0F62B-A253-4360-AC23-E655C1251960}.Release|iPhone.ActiveCfg = Release|Any CPU
		{CAB0F62B-A253-4360-AC23-E655C1251960}.Release|iPhone.Build.0 = Release|Any CPU
		{CAB0F62B-A253-4360-AC23-E655C1251960}.Release|iPhoneSimulator.ActiveCfg = Release|Any CPU
		{CAB0F62B-A253-4360-AC23-E655C1251960}.Release|iPhoneSimulator.Build.0 = Release|Any CPU
		{75AC3C94-A035-4975-A922-BBFED9CAF89F}.Ad-Hoc|Any CPU.ActiveCfg = Release|Any CPU
		{75AC3C94-A035-4975-A922-BBFED9CAF89F}.Ad-Hoc|Any CPU.Build.0 = Release|Any CPU
		{75AC3C94-A035-4975-A922-BBFED9CAF89F}.Ad-Hoc|iPhone.ActiveCfg = Release|Any CPU
		{75AC3C94-A035-4975-A922-BBFED9CAF89F}.Ad-Hoc|iPhone.Build.0 = Release|Any CPU
		{75AC3C94-A035-4975-A922-BBFED9CAF89F}.Ad-Hoc|iPhoneSimulator.ActiveCfg = Release|Any CPU
		{75AC3C94-A035-4975-A922-BBFED9CAF89F}.Ad-Hoc|iPhoneSimulator.Build.0 = Release|Any CPU
		{75AC3C94-A035-4975-A922-BBFED9CAF89F}.AppStore|Any CPU.ActiveCfg = Release|Any CPU
		{75AC3C94-A035-4975-A922-BBFED9CAF89F}.AppStore|Any CPU.Build.0 = Release|Any CPU
		{75AC3C94-A035-4975-A922-BBFED9CAF89F}.AppStore|iPhone.ActiveCfg = Release|Any CPU
		{75AC3C94-A035-4975-A922-BBFED9CAF89F}.AppStore|iPhone.Build.0 = Release|Any CPU
		{75AC3C94-A035-4975-A922-BBFED9CAF89F}.AppStore|iPhoneSimulator.ActiveCfg = Release|Any CPU
		{75AC3C94-A035-4975-A922-BBFED9CAF89F}.AppStore|iPhoneSimulator.Build.0 = Release|Any CPU
		{75AC3C94-A035-4975-A922-BBFED9CAF89F}.Debug|Any CPU.ActiveCfg = Debug|Any CPU
		{75AC3C94-A035-4975-A922-BBFED9CAF89F}.Debug|Any CPU.Build.0 = Debug|Any CPU
		{75AC3C94-A035-4975-A922-BBFED9CAF89F}.Debug|iPhone.ActiveCfg = Debug|Any CPU
		{75AC3C94-A035-4975-A922-BBFED9CAF89F}.Debug|iPhone.Build.0 = Debug|Any CPU
		{75AC3C94-A035-4975-A922-BBFED9CAF89F}.Debug|iPhoneSimulator.ActiveCfg = Debug|Any CPU
		{75AC3C94-A035-4975-A922-BBFED9CAF89F}.Debug|iPhoneSimulator.Build.0 = Debug|Any CPU
		{75AC3C94-A035-4975-A922-BBFED9CAF89F}.Release|Any CPU.ActiveCfg = Release|Any CPU
		{75AC3C94-A035-4975-A922-BBFED9CAF89F}.Release|Any CPU.Build.0 = Release|Any CPU
		{75AC3C94-A035-4975-A922-BBFED9CAF89F}.Release|iPhone.ActiveCfg = Release|Any CPU
		{75AC3C94-A035-4975-A922-BBFED9CAF89F}.Release|iPhone.Build.0 = Release|Any CPU
		{75AC3C94-A035-4975-A922-BBFED9CAF89F}.Release|iPhoneSimulator.ActiveCfg = Release|Any CPU
		{75AC3C94-A035-4975-A922-BBFED9CAF89F}.Release|iPhoneSimulator.Build.0 = Release|Any CPU
		{EDCAACB0-D61F-4B97-8C80-F7524DB51310}.Ad-Hoc|Any CPU.ActiveCfg = Release|Any CPU
		{EDCAACB0-D61F-4B97-8C80-F7524DB51310}.Ad-Hoc|Any CPU.Build.0 = Release|Any CPU
		{EDCAACB0-D61F-4B97-8C80-F7524DB51310}.Ad-Hoc|iPhone.ActiveCfg = Release|Any CPU
		{EDCAACB0-D61F-4B97-8C80-F7524DB51310}.Ad-Hoc|iPhone.Build.0 = Release|Any CPU
		{EDCAACB0-D61F-4B97-8C80-F7524DB51310}.Ad-Hoc|iPhoneSimulator.ActiveCfg = Release|Any CPU
		{EDCAACB0-D61F-4B97-8C80-F7524DB51310}.Ad-Hoc|iPhoneSimulator.Build.0 = Release|Any CPU
		{EDCAACB0-D61F-4B97-8C80-F7524DB51310}.AppStore|Any CPU.ActiveCfg = Release|Any CPU
		{EDCAACB0-D61F-4B97-8C80-F7524DB51310}.AppStore|Any CPU.Build.0 = Release|Any CPU
		{EDCAACB0-D61F-4B97-8C80-F7524DB51310}.AppStore|iPhone.ActiveCfg = Release|Any CPU
		{EDCAACB0-D61F-4B97-8C80-F7524DB51310}.AppStore|iPhone.Build.0 = Release|Any CPU
		{EDCAACB0-D61F-4B97-8C80-F7524DB51310}.AppStore|iPhoneSimulator.ActiveCfg = Release|Any CPU
		{EDCAACB0-D61F-4B97-8C80-F7524DB51310}.AppStore|iPhoneSimulator.Build.0 = Release|Any CPU
		{EDCAACB0-D61F-4B97-8C80-F7524DB51310}.Debug|Any CPU.ActiveCfg = Debug|Any CPU
		{EDCAACB0-D61F-4B97-8C80-F7524DB51310}.Debug|Any CPU.Build.0 = Debug|Any CPU
		{EDCAACB0-D61F-4B97-8C80-F7524DB51310}.Debug|iPhone.ActiveCfg = Debug|Any CPU
		{EDCAACB0-D61F-4B97-8C80-F7524DB51310}.Debug|iPhone.Build.0 = Debug|Any CPU
		{EDCAACB0-D61F-4B97-8C80-F7524DB51310}.Debug|iPhoneSimulator.ActiveCfg = Debug|Any CPU
		{EDCAACB0-D61F-4B97-8C80-F7524DB51310}.Debug|iPhoneSimulator.Build.0 = Debug|Any CPU
		{EDCAACB0-D61F-4B97-8C80-F7524DB51310}.Release|Any CPU.ActiveCfg = Release|Any CPU
		{EDCAACB0-D61F-4B97-8C80-F7524DB51310}.Release|Any CPU.Build.0 = Release|Any CPU
		{EDCAACB0-D61F-4B97-8C80-F7524DB51310}.Release|iPhone.ActiveCfg = Release|Any CPU
		{EDCAACB0-D61F-4B97-8C80-F7524DB51310}.Release|iPhone.Build.0 = Release|Any CPU
		{EDCAACB0-D61F-4B97-8C80-F7524DB51310}.Release|iPhoneSimulator.ActiveCfg = Release|Any CPU
		{EDCAACB0-D61F-4B97-8C80-F7524DB51310}.Release|iPhoneSimulator.Build.0 = Release|Any CPU
		{DFD4DFBA-0DCB-4795-A9A4-218E13F0B557}.Ad-Hoc|Any CPU.ActiveCfg = Release|Any CPU
		{DFD4DFBA-0DCB-4795-A9A4-218E13F0B557}.Ad-Hoc|Any CPU.Build.0 = Release|Any CPU
		{DFD4DFBA-0DCB-4795-A9A4-218E13F0B557}.Ad-Hoc|iPhone.ActiveCfg = Release|Any CPU
		{DFD4DFBA-0DCB-4795-A9A4-218E13F0B557}.Ad-Hoc|iPhone.Build.0 = Release|Any CPU
		{DFD4DFBA-0DCB-4795-A9A4-218E13F0B557}.Ad-Hoc|iPhoneSimulator.ActiveCfg = Release|Any CPU
		{DFD4DFBA-0DCB-4795-A9A4-218E13F0B557}.Ad-Hoc|iPhoneSimulator.Build.0 = Release|Any CPU
		{DFD4DFBA-0DCB-4795-A9A4-218E13F0B557}.AppStore|Any CPU.ActiveCfg = Release|Any CPU
		{DFD4DFBA-0DCB-4795-A9A4-218E13F0B557}.AppStore|Any CPU.Build.0 = Release|Any CPU
		{DFD4DFBA-0DCB-4795-A9A4-218E13F0B557}.AppStore|iPhone.ActiveCfg = Release|Any CPU
		{DFD4DFBA-0DCB-4795-A9A4-218E13F0B557}.AppStore|iPhone.Build.0 = Release|Any CPU
		{DFD4DFBA-0DCB-4795-A9A4-218E13F0B557}.AppStore|iPhoneSimulator.ActiveCfg = Release|Any CPU
		{DFD4DFBA-0DCB-4795-A9A4-218E13F0B557}.AppStore|iPhoneSimulator.Build.0 = Release|Any CPU
		{DFD4DFBA-0DCB-4795-A9A4-218E13F0B557}.Debug|Any CPU.ActiveCfg = Debug|Any CPU
		{DFD4DFBA-0DCB-4795-A9A4-218E13F0B557}.Debug|Any CPU.Build.0 = Debug|Any CPU
		{DFD4DFBA-0DCB-4795-A9A4-218E13F0B557}.Debug|iPhone.ActiveCfg = Debug|Any CPU
		{DFD4DFBA-0DCB-4795-A9A4-218E13F0B557}.Debug|iPhone.Build.0 = Debug|Any CPU
		{DFD4DFBA-0DCB-4795-A9A4-218E13F0B557}.Debug|iPhoneSimulator.ActiveCfg = Debug|Any CPU
		{DFD4DFBA-0DCB-4795-A9A4-218E13F0B557}.Debug|iPhoneSimulator.Build.0 = Debug|Any CPU
		{DFD4DFBA-0DCB-4795-A9A4-218E13F0B557}.Release|Any CPU.ActiveCfg = Release|Any CPU
		{DFD4DFBA-0DCB-4795-A9A4-218E13F0B557}.Release|Any CPU.Build.0 = Release|Any CPU
		{DFD4DFBA-0DCB-4795-A9A4-218E13F0B557}.Release|iPhone.ActiveCfg = Release|Any CPU
		{DFD4DFBA-0DCB-4795-A9A4-218E13F0B557}.Release|iPhone.Build.0 = Release|Any CPU
		{DFD4DFBA-0DCB-4795-A9A4-218E13F0B557}.Release|iPhoneSimulator.ActiveCfg = Release|Any CPU
		{DFD4DFBA-0DCB-4795-A9A4-218E13F0B557}.Release|iPhoneSimulator.Build.0 = Release|Any CPU
		{0D4A031C-7DC0-48FB-911C-6918DE261FCB}.Ad-Hoc|Any CPU.ActiveCfg = Release|Any CPU
		{0D4A031C-7DC0-48FB-911C-6918DE261FCB}.Ad-Hoc|Any CPU.Build.0 = Release|Any CPU
		{0D4A031C-7DC0-48FB-911C-6918DE261FCB}.Ad-Hoc|iPhone.ActiveCfg = Release|Any CPU
		{0D4A031C-7DC0-48FB-911C-6918DE261FCB}.Ad-Hoc|iPhone.Build.0 = Release|Any CPU
		{0D4A031C-7DC0-48FB-911C-6918DE261FCB}.Ad-Hoc|iPhoneSimulator.ActiveCfg = Release|Any CPU
		{0D4A031C-7DC0-48FB-911C-6918DE261FCB}.Ad-Hoc|iPhoneSimulator.Build.0 = Release|Any CPU
		{0D4A031C-7DC0-48FB-911C-6918DE261FCB}.AppStore|Any CPU.ActiveCfg = Release|Any CPU
		{0D4A031C-7DC0-48FB-911C-6918DE261FCB}.AppStore|Any CPU.Build.0 = Release|Any CPU
		{0D4A031C-7DC0-48FB-911C-6918DE261FCB}.AppStore|iPhone.ActiveCfg = Release|Any CPU
		{0D4A031C-7DC0-48FB-911C-6918DE261FCB}.AppStore|iPhone.Build.0 = Release|Any CPU
		{0D4A031C-7DC0-48FB-911C-6918DE261FCB}.AppStore|iPhoneSimulator.ActiveCfg = Release|Any CPU
		{0D4A031C-7DC0-48FB-911C-6918DE261FCB}.AppStore|iPhoneSimulator.Build.0 = Release|Any CPU
		{0D4A031C-7DC0-48FB-911C-6918DE261FCB}.Debug|Any CPU.ActiveCfg = Debug|Any CPU
		{0D4A031C-7DC0-48FB-911C-6918DE261FCB}.Debug|Any CPU.Build.0 = Debug|Any CPU
		{0D4A031C-7DC0-48FB-911C-6918DE261FCB}.Debug|iPhone.ActiveCfg = Debug|Any CPU
		{0D4A031C-7DC0-48FB-911C-6918DE261FCB}.Debug|iPhone.Build.0 = Debug|Any CPU
		{0D4A031C-7DC0-48FB-911C-6918DE261FCB}.Debug|iPhoneSimulator.ActiveCfg = Debug|Any CPU
		{0D4A031C-7DC0-48FB-911C-6918DE261FCB}.Debug|iPhoneSimulator.Build.0 = Debug|Any CPU
		{0D4A031C-7DC0-48FB-911C-6918DE261FCB}.Release|Any CPU.ActiveCfg = Release|Any CPU
		{0D4A031C-7DC0-48FB-911C-6918DE261FCB}.Release|Any CPU.Build.0 = Release|Any CPU
		{0D4A031C-7DC0-48FB-911C-6918DE261FCB}.Release|iPhone.ActiveCfg = Release|Any CPU
		{0D4A031C-7DC0-48FB-911C-6918DE261FCB}.Release|iPhone.Build.0 = Release|Any CPU
		{0D4A031C-7DC0-48FB-911C-6918DE261FCB}.Release|iPhoneSimulator.ActiveCfg = Release|Any CPU
		{0D4A031C-7DC0-48FB-911C-6918DE261FCB}.Release|iPhoneSimulator.Build.0 = Release|Any CPU
		{92C69CC0-1275-44A4-AB97-019FC1AA1501}.Ad-Hoc|Any CPU.ActiveCfg = Release|Any CPU
		{92C69CC0-1275-44A4-AB97-019FC1AA1501}.Ad-Hoc|Any CPU.Build.0 = Release|Any CPU
		{92C69CC0-1275-44A4-AB97-019FC1AA1501}.Ad-Hoc|iPhone.ActiveCfg = Release|Any CPU
		{92C69CC0-1275-44A4-AB97-019FC1AA1501}.Ad-Hoc|iPhone.Build.0 = Release|Any CPU
		{92C69CC0-1275-44A4-AB97-019FC1AA1501}.Ad-Hoc|iPhoneSimulator.ActiveCfg = Release|Any CPU
		{92C69CC0-1275-44A4-AB97-019FC1AA1501}.Ad-Hoc|iPhoneSimulator.Build.0 = Release|Any CPU
		{92C69CC0-1275-44A4-AB97-019FC1AA1501}.AppStore|Any CPU.ActiveCfg = Release|Any CPU
		{92C69CC0-1275-44A4-AB97-019FC1AA1501}.AppStore|Any CPU.Build.0 = Release|Any CPU
		{92C69CC0-1275-44A4-AB97-019FC1AA1501}.AppStore|iPhone.ActiveCfg = Release|Any CPU
		{92C69CC0-1275-44A4-AB97-019FC1AA1501}.AppStore|iPhone.Build.0 = Release|Any CPU
		{92C69CC0-1275-44A4-AB97-019FC1AA1501}.AppStore|iPhoneSimulator.ActiveCfg = Release|Any CPU
		{92C69CC0-1275-44A4-AB97-019FC1AA1501}.AppStore|iPhoneSimulator.Build.0 = Release|Any CPU
		{92C69CC0-1275-44A4-AB97-019FC1AA1501}.Debug|Any CPU.ActiveCfg = Debug|Any CPU
		{92C69CC0-1275-44A4-AB97-019FC1AA1501}.Debug|Any CPU.Build.0 = Debug|Any CPU
		{92C69CC0-1275-44A4-AB97-019FC1AA1501}.Debug|iPhone.ActiveCfg = Debug|Any CPU
		{92C69CC0-1275-44A4-AB97-019FC1AA1501}.Debug|iPhone.Build.0 = Debug|Any CPU
		{92C69CC0-1275-44A4-AB97-019FC1AA1501}.Debug|iPhoneSimulator.ActiveCfg = Debug|Any CPU
		{92C69CC0-1275-44A4-AB97-019FC1AA1501}.Debug|iPhoneSimulator.Build.0 = Debug|Any CPU
		{92C69CC0-1275-44A4-AB97-019FC1AA1501}.Release|Any CPU.ActiveCfg = Release|Any CPU
		{92C69CC0-1275-44A4-AB97-019FC1AA1501}.Release|Any CPU.Build.0 = Release|Any CPU
		{92C69CC0-1275-44A4-AB97-019FC1AA1501}.Release|iPhone.ActiveCfg = Release|Any CPU
		{92C69CC0-1275-44A4-AB97-019FC1AA1501}.Release|iPhone.Build.0 = Release|Any CPU
		{92C69CC0-1275-44A4-AB97-019FC1AA1501}.Release|iPhoneSimulator.ActiveCfg = Release|Any CPU
		{92C69CC0-1275-44A4-AB97-019FC1AA1501}.Release|iPhoneSimulator.Build.0 = Release|Any CPU
		{9F2A084E-78B3-4CA6-A294-76E119D3E0E5}.Ad-Hoc|Any CPU.ActiveCfg = Release|Any CPU
		{9F2A084E-78B3-4CA6-A294-76E119D3E0E5}.Ad-Hoc|Any CPU.Build.0 = Release|Any CPU
		{9F2A084E-78B3-4CA6-A294-76E119D3E0E5}.Ad-Hoc|iPhone.ActiveCfg = Release|Any CPU
		{9F2A084E-78B3-4CA6-A294-76E119D3E0E5}.Ad-Hoc|iPhone.Build.0 = Release|Any CPU
		{9F2A084E-78B3-4CA6-A294-76E119D3E0E5}.Ad-Hoc|iPhoneSimulator.ActiveCfg = Release|Any CPU
		{9F2A084E-78B3-4CA6-A294-76E119D3E0E5}.Ad-Hoc|iPhoneSimulator.Build.0 = Release|Any CPU
		{9F2A084E-78B3-4CA6-A294-76E119D3E0E5}.AppStore|Any CPU.ActiveCfg = Release|Any CPU
		{9F2A084E-78B3-4CA6-A294-76E119D3E0E5}.AppStore|Any CPU.Build.0 = Release|Any CPU
		{9F2A084E-78B3-4CA6-A294-76E119D3E0E5}.AppStore|iPhone.ActiveCfg = Release|Any CPU
		{9F2A084E-78B3-4CA6-A294-76E119D3E0E5}.AppStore|iPhone.Build.0 = Release|Any CPU
		{9F2A084E-78B3-4CA6-A294-76E119D3E0E5}.AppStore|iPhoneSimulator.ActiveCfg = Release|Any CPU
		{9F2A084E-78B3-4CA6-A294-76E119D3E0E5}.AppStore|iPhoneSimulator.Build.0 = Release|Any CPU
		{9F2A084E-78B3-4CA6-A294-76E119D3E0E5}.Debug|Any CPU.ActiveCfg = Debug|Any CPU
		{9F2A084E-78B3-4CA6-A294-76E119D3E0E5}.Debug|Any CPU.Build.0 = Debug|Any CPU
		{9F2A084E-78B3-4CA6-A294-76E119D3E0E5}.Debug|iPhone.ActiveCfg = Debug|Any CPU
		{9F2A084E-78B3-4CA6-A294-76E119D3E0E5}.Debug|iPhone.Build.0 = Debug|Any CPU
		{9F2A084E-78B3-4CA6-A294-76E119D3E0E5}.Debug|iPhoneSimulator.ActiveCfg = Debug|Any CPU
		{9F2A084E-78B3-4CA6-A294-76E119D3E0E5}.Debug|iPhoneSimulator.Build.0 = Debug|Any CPU
		{9F2A084E-78B3-4CA6-A294-76E119D3E0E5}.Release|Any CPU.ActiveCfg = Release|Any CPU
		{9F2A084E-78B3-4CA6-A294-76E119D3E0E5}.Release|Any CPU.Build.0 = Release|Any CPU
		{9F2A084E-78B3-4CA6-A294-76E119D3E0E5}.Release|iPhone.ActiveCfg = Release|Any CPU
		{9F2A084E-78B3-4CA6-A294-76E119D3E0E5}.Release|iPhone.Build.0 = Release|Any CPU
		{9F2A084E-78B3-4CA6-A294-76E119D3E0E5}.Release|iPhoneSimulator.ActiveCfg = Release|Any CPU
		{9F2A084E-78B3-4CA6-A294-76E119D3E0E5}.Release|iPhoneSimulator.Build.0 = Release|Any CPU
		{3488B33B-3CFA-49CD-9AC4-124663D8B5F6}.Ad-Hoc|Any CPU.ActiveCfg = Release|Any CPU
		{3488B33B-3CFA-49CD-9AC4-124663D8B5F6}.Ad-Hoc|Any CPU.Build.0 = Release|Any CPU
		{3488B33B-3CFA-49CD-9AC4-124663D8B5F6}.Ad-Hoc|iPhone.ActiveCfg = Release|Any CPU
		{3488B33B-3CFA-49CD-9AC4-124663D8B5F6}.Ad-Hoc|iPhone.Build.0 = Release|Any CPU
		{3488B33B-3CFA-49CD-9AC4-124663D8B5F6}.Ad-Hoc|iPhoneSimulator.ActiveCfg = Release|Any CPU
		{3488B33B-3CFA-49CD-9AC4-124663D8B5F6}.Ad-Hoc|iPhoneSimulator.Build.0 = Release|Any CPU
		{3488B33B-3CFA-49CD-9AC4-124663D8B5F6}.AppStore|Any CPU.ActiveCfg = Release|Any CPU
		{3488B33B-3CFA-49CD-9AC4-124663D8B5F6}.AppStore|Any CPU.Build.0 = Release|Any CPU
		{3488B33B-3CFA-49CD-9AC4-124663D8B5F6}.AppStore|iPhone.ActiveCfg = Release|Any CPU
		{3488B33B-3CFA-49CD-9AC4-124663D8B5F6}.AppStore|iPhone.Build.0 = Release|Any CPU
		{3488B33B-3CFA-49CD-9AC4-124663D8B5F6}.AppStore|iPhoneSimulator.ActiveCfg = Release|Any CPU
		{3488B33B-3CFA-49CD-9AC4-124663D8B5F6}.AppStore|iPhoneSimulator.Build.0 = Release|Any CPU
		{3488B33B-3CFA-49CD-9AC4-124663D8B5F6}.Debug|Any CPU.ActiveCfg = Debug|Any CPU
		{3488B33B-3CFA-49CD-9AC4-124663D8B5F6}.Debug|Any CPU.Build.0 = Debug|Any CPU
		{3488B33B-3CFA-49CD-9AC4-124663D8B5F6}.Debug|iPhone.ActiveCfg = Debug|Any CPU
		{3488B33B-3CFA-49CD-9AC4-124663D8B5F6}.Debug|iPhone.Build.0 = Debug|Any CPU
		{3488B33B-3CFA-49CD-9AC4-124663D8B5F6}.Debug|iPhoneSimulator.ActiveCfg = Debug|Any CPU
		{3488B33B-3CFA-49CD-9AC4-124663D8B5F6}.Debug|iPhoneSimulator.Build.0 = Debug|Any CPU
		{3488B33B-3CFA-49CD-9AC4-124663D8B5F6}.Release|Any CPU.ActiveCfg = Release|Any CPU
		{3488B33B-3CFA-49CD-9AC4-124663D8B5F6}.Release|Any CPU.Build.0 = Release|Any CPU
		{3488B33B-3CFA-49CD-9AC4-124663D8B5F6}.Release|iPhone.ActiveCfg = Release|Any CPU
		{3488B33B-3CFA-49CD-9AC4-124663D8B5F6}.Release|iPhone.Build.0 = Release|Any CPU
		{3488B33B-3CFA-49CD-9AC4-124663D8B5F6}.Release|iPhoneSimulator.ActiveCfg = Release|Any CPU
		{3488B33B-3CFA-49CD-9AC4-124663D8B5F6}.Release|iPhoneSimulator.Build.0 = Release|Any CPU
		{E76471D8-E335-4E5B-9E85-C2560BE95D21}.Ad-Hoc|Any CPU.ActiveCfg = Release|Any CPU
		{E76471D8-E335-4E5B-9E85-C2560BE95D21}.Ad-Hoc|Any CPU.Build.0 = Release|Any CPU
		{E76471D8-E335-4E5B-9E85-C2560BE95D21}.Ad-Hoc|iPhone.ActiveCfg = Release|Any CPU
		{E76471D8-E335-4E5B-9E85-C2560BE95D21}.Ad-Hoc|iPhone.Build.0 = Release|Any CPU
		{E76471D8-E335-4E5B-9E85-C2560BE95D21}.Ad-Hoc|iPhoneSimulator.ActiveCfg = Release|Any CPU
		{E76471D8-E335-4E5B-9E85-C2560BE95D21}.Ad-Hoc|iPhoneSimulator.Build.0 = Release|Any CPU
		{E76471D8-E335-4E5B-9E85-C2560BE95D21}.AppStore|Any CPU.ActiveCfg = Release|Any CPU
		{E76471D8-E335-4E5B-9E85-C2560BE95D21}.AppStore|Any CPU.Build.0 = Release|Any CPU
		{E76471D8-E335-4E5B-9E85-C2560BE95D21}.AppStore|iPhone.ActiveCfg = Release|Any CPU
		{E76471D8-E335-4E5B-9E85-C2560BE95D21}.AppStore|iPhone.Build.0 = Release|Any CPU
		{E76471D8-E335-4E5B-9E85-C2560BE95D21}.AppStore|iPhoneSimulator.ActiveCfg = Release|Any CPU
		{E76471D8-E335-4E5B-9E85-C2560BE95D21}.AppStore|iPhoneSimulator.Build.0 = Release|Any CPU
		{E76471D8-E335-4E5B-9E85-C2560BE95D21}.Debug|Any CPU.ActiveCfg = Debug|Any CPU
		{E76471D8-E335-4E5B-9E85-C2560BE95D21}.Debug|Any CPU.Build.0 = Debug|Any CPU
		{E76471D8-E335-4E5B-9E85-C2560BE95D21}.Debug|iPhone.ActiveCfg = Debug|Any CPU
		{E76471D8-E335-4E5B-9E85-C2560BE95D21}.Debug|iPhone.Build.0 = Debug|Any CPU
		{E76471D8-E335-4E5B-9E85-C2560BE95D21}.Debug|iPhoneSimulator.ActiveCfg = Debug|Any CPU
		{E76471D8-E335-4E5B-9E85-C2560BE95D21}.Debug|iPhoneSimulator.Build.0 = Debug|Any CPU
		{E76471D8-E335-4E5B-9E85-C2560BE95D21}.Release|Any CPU.ActiveCfg = Release|Any CPU
		{E76471D8-E335-4E5B-9E85-C2560BE95D21}.Release|Any CPU.Build.0 = Release|Any CPU
		{E76471D8-E335-4E5B-9E85-C2560BE95D21}.Release|iPhone.ActiveCfg = Release|Any CPU
		{E76471D8-E335-4E5B-9E85-C2560BE95D21}.Release|iPhone.Build.0 = Release|Any CPU
		{E76471D8-E335-4E5B-9E85-C2560BE95D21}.Release|iPhoneSimulator.ActiveCfg = Release|Any CPU
		{E76471D8-E335-4E5B-9E85-C2560BE95D21}.Release|iPhoneSimulator.Build.0 = Release|Any CPU
		{E234500A-7C3E-4F2C-BC7F-A124115A685F}.Ad-Hoc|Any CPU.ActiveCfg = Release|Any CPU
		{E234500A-7C3E-4F2C-BC7F-A124115A685F}.Ad-Hoc|Any CPU.Build.0 = Release|Any CPU
		{E234500A-7C3E-4F2C-BC7F-A124115A685F}.Ad-Hoc|iPhone.ActiveCfg = Release|Any CPU
		{E234500A-7C3E-4F2C-BC7F-A124115A685F}.Ad-Hoc|iPhone.Build.0 = Release|Any CPU
		{E234500A-7C3E-4F2C-BC7F-A124115A685F}.Ad-Hoc|iPhoneSimulator.ActiveCfg = Release|Any CPU
		{E234500A-7C3E-4F2C-BC7F-A124115A685F}.Ad-Hoc|iPhoneSimulator.Build.0 = Release|Any CPU
		{E234500A-7C3E-4F2C-BC7F-A124115A685F}.AppStore|Any CPU.ActiveCfg = Release|Any CPU
		{E234500A-7C3E-4F2C-BC7F-A124115A685F}.AppStore|Any CPU.Build.0 = Release|Any CPU
		{E234500A-7C3E-4F2C-BC7F-A124115A685F}.AppStore|iPhone.ActiveCfg = Release|Any CPU
		{E234500A-7C3E-4F2C-BC7F-A124115A685F}.AppStore|iPhone.Build.0 = Release|Any CPU
		{E234500A-7C3E-4F2C-BC7F-A124115A685F}.AppStore|iPhoneSimulator.ActiveCfg = Release|Any CPU
		{E234500A-7C3E-4F2C-BC7F-A124115A685F}.AppStore|iPhoneSimulator.Build.0 = Release|Any CPU
		{E234500A-7C3E-4F2C-BC7F-A124115A685F}.Debug|Any CPU.ActiveCfg = Debug|Any CPU
		{E234500A-7C3E-4F2C-BC7F-A124115A685F}.Debug|Any CPU.Build.0 = Debug|Any CPU
		{E234500A-7C3E-4F2C-BC7F-A124115A685F}.Debug|iPhone.ActiveCfg = Debug|Any CPU
		{E234500A-7C3E-4F2C-BC7F-A124115A685F}.Debug|iPhone.Build.0 = Debug|Any CPU
		{E234500A-7C3E-4F2C-BC7F-A124115A685F}.Debug|iPhoneSimulator.ActiveCfg = Debug|Any CPU
		{E234500A-7C3E-4F2C-BC7F-A124115A685F}.Debug|iPhoneSimulator.Build.0 = Debug|Any CPU
		{E234500A-7C3E-4F2C-BC7F-A124115A685F}.Release|Any CPU.ActiveCfg = Release|Any CPU
		{E234500A-7C3E-4F2C-BC7F-A124115A685F}.Release|Any CPU.Build.0 = Release|Any CPU
		{E234500A-7C3E-4F2C-BC7F-A124115A685F}.Release|iPhone.ActiveCfg = Release|Any CPU
		{E234500A-7C3E-4F2C-BC7F-A124115A685F}.Release|iPhone.Build.0 = Release|Any CPU
		{E234500A-7C3E-4F2C-BC7F-A124115A685F}.Release|iPhoneSimulator.ActiveCfg = Release|Any CPU
		{E234500A-7C3E-4F2C-BC7F-A124115A685F}.Release|iPhoneSimulator.Build.0 = Release|Any CPU
		{B4F18F1C-DF27-4A08-B6AC-0811EE845143}.Ad-Hoc|Any CPU.ActiveCfg = Release|Any CPU
		{B4F18F1C-DF27-4A08-B6AC-0811EE845143}.Ad-Hoc|Any CPU.Build.0 = Release|Any CPU
		{B4F18F1C-DF27-4A08-B6AC-0811EE845143}.Ad-Hoc|iPhone.ActiveCfg = Release|Any CPU
		{B4F18F1C-DF27-4A08-B6AC-0811EE845143}.Ad-Hoc|iPhone.Build.0 = Release|Any CPU
		{B4F18F1C-DF27-4A08-B6AC-0811EE845143}.Ad-Hoc|iPhoneSimulator.ActiveCfg = Release|Any CPU
		{B4F18F1C-DF27-4A08-B6AC-0811EE845143}.Ad-Hoc|iPhoneSimulator.Build.0 = Release|Any CPU
		{B4F18F1C-DF27-4A08-B6AC-0811EE845143}.AppStore|Any CPU.ActiveCfg = Release|Any CPU
		{B4F18F1C-DF27-4A08-B6AC-0811EE845143}.AppStore|Any CPU.Build.0 = Release|Any CPU
		{B4F18F1C-DF27-4A08-B6AC-0811EE845143}.AppStore|iPhone.ActiveCfg = Release|Any CPU
		{B4F18F1C-DF27-4A08-B6AC-0811EE845143}.AppStore|iPhone.Build.0 = Release|Any CPU
		{B4F18F1C-DF27-4A08-B6AC-0811EE845143}.AppStore|iPhoneSimulator.ActiveCfg = Release|Any CPU
		{B4F18F1C-DF27-4A08-B6AC-0811EE845143}.AppStore|iPhoneSimulator.Build.0 = Release|Any CPU
		{B4F18F1C-DF27-4A08-B6AC-0811EE845143}.Debug|Any CPU.ActiveCfg = Debug|Any CPU
		{B4F18F1C-DF27-4A08-B6AC-0811EE845143}.Debug|Any CPU.Build.0 = Debug|Any CPU
		{B4F18F1C-DF27-4A08-B6AC-0811EE845143}.Debug|iPhone.ActiveCfg = Debug|Any CPU
		{B4F18F1C-DF27-4A08-B6AC-0811EE845143}.Debug|iPhone.Build.0 = Debug|Any CPU
		{B4F18F1C-DF27-4A08-B6AC-0811EE845143}.Debug|iPhoneSimulator.ActiveCfg = Debug|Any CPU
		{B4F18F1C-DF27-4A08-B6AC-0811EE845143}.Debug|iPhoneSimulator.Build.0 = Debug|Any CPU
		{B4F18F1C-DF27-4A08-B6AC-0811EE845143}.Release|Any CPU.ActiveCfg = Release|Any CPU
		{B4F18F1C-DF27-4A08-B6AC-0811EE845143}.Release|Any CPU.Build.0 = Release|Any CPU
		{B4F18F1C-DF27-4A08-B6AC-0811EE845143}.Release|iPhone.ActiveCfg = Release|Any CPU
		{B4F18F1C-DF27-4A08-B6AC-0811EE845143}.Release|iPhone.Build.0 = Release|Any CPU
		{B4F18F1C-DF27-4A08-B6AC-0811EE845143}.Release|iPhoneSimulator.ActiveCfg = Release|Any CPU
		{B4F18F1C-DF27-4A08-B6AC-0811EE845143}.Release|iPhoneSimulator.Build.0 = Release|Any CPU
		{BE46E072-0363-4235-ADDC-45B184A8D702}.Ad-Hoc|Any CPU.ActiveCfg = Release|Any CPU
		{BE46E072-0363-4235-ADDC-45B184A8D702}.Ad-Hoc|Any CPU.Build.0 = Release|Any CPU
		{BE46E072-0363-4235-ADDC-45B184A8D702}.Ad-Hoc|iPhone.ActiveCfg = Release|Any CPU
		{BE46E072-0363-4235-ADDC-45B184A8D702}.Ad-Hoc|iPhone.Build.0 = Release|Any CPU
		{BE46E072-0363-4235-ADDC-45B184A8D702}.Ad-Hoc|iPhoneSimulator.ActiveCfg = Release|Any CPU
		{BE46E072-0363-4235-ADDC-45B184A8D702}.Ad-Hoc|iPhoneSimulator.Build.0 = Release|Any CPU
		{BE46E072-0363-4235-ADDC-45B184A8D702}.AppStore|Any CPU.ActiveCfg = Release|Any CPU
		{BE46E072-0363-4235-ADDC-45B184A8D702}.AppStore|Any CPU.Build.0 = Release|Any CPU
		{BE46E072-0363-4235-ADDC-45B184A8D702}.AppStore|iPhone.ActiveCfg = Release|Any CPU
		{BE46E072-0363-4235-ADDC-45B184A8D702}.AppStore|iPhone.Build.0 = Release|Any CPU
		{BE46E072-0363-4235-ADDC-45B184A8D702}.AppStore|iPhoneSimulator.ActiveCfg = Release|Any CPU
		{BE46E072-0363-4235-ADDC-45B184A8D702}.AppStore|iPhoneSimulator.Build.0 = Release|Any CPU
		{BE46E072-0363-4235-ADDC-45B184A8D702}.Debug|Any CPU.ActiveCfg = Debug|Any CPU
		{BE46E072-0363-4235-ADDC-45B184A8D702}.Debug|Any CPU.Build.0 = Debug|Any CPU
		{BE46E072-0363-4235-ADDC-45B184A8D702}.Debug|iPhone.ActiveCfg = Debug|Any CPU
		{BE46E072-0363-4235-ADDC-45B184A8D702}.Debug|iPhone.Build.0 = Debug|Any CPU
		{BE46E072-0363-4235-ADDC-45B184A8D702}.Debug|iPhoneSimulator.ActiveCfg = Debug|Any CPU
		{BE46E072-0363-4235-ADDC-45B184A8D702}.Debug|iPhoneSimulator.Build.0 = Debug|Any CPU
		{BE46E072-0363-4235-ADDC-45B184A8D702}.Release|Any CPU.ActiveCfg = Release|Any CPU
		{BE46E072-0363-4235-ADDC-45B184A8D702}.Release|Any CPU.Build.0 = Release|Any CPU
		{BE46E072-0363-4235-ADDC-45B184A8D702}.Release|iPhone.ActiveCfg = Release|Any CPU
		{BE46E072-0363-4235-ADDC-45B184A8D702}.Release|iPhone.Build.0 = Release|Any CPU
		{BE46E072-0363-4235-ADDC-45B184A8D702}.Release|iPhoneSimulator.ActiveCfg = Release|Any CPU
		{BE46E072-0363-4235-ADDC-45B184A8D702}.Release|iPhoneSimulator.Build.0 = Release|Any CPU
		{8F68ED87-4F69-4A1B-B79F-1BE624919284}.Ad-Hoc|Any CPU.ActiveCfg = Release|Any CPU
		{8F68ED87-4F69-4A1B-B79F-1BE624919284}.Ad-Hoc|Any CPU.Build.0 = Release|Any CPU
		{8F68ED87-4F69-4A1B-B79F-1BE624919284}.Ad-Hoc|iPhone.ActiveCfg = Release|Any CPU
		{8F68ED87-4F69-4A1B-B79F-1BE624919284}.Ad-Hoc|iPhone.Build.0 = Release|Any CPU
		{8F68ED87-4F69-4A1B-B79F-1BE624919284}.Ad-Hoc|iPhoneSimulator.ActiveCfg = Release|Any CPU
		{8F68ED87-4F69-4A1B-B79F-1BE624919284}.Ad-Hoc|iPhoneSimulator.Build.0 = Release|Any CPU
		{8F68ED87-4F69-4A1B-B79F-1BE624919284}.AppStore|Any CPU.ActiveCfg = Release|Any CPU
		{8F68ED87-4F69-4A1B-B79F-1BE624919284}.AppStore|Any CPU.Build.0 = Release|Any CPU
		{8F68ED87-4F69-4A1B-B79F-1BE624919284}.AppStore|iPhone.ActiveCfg = Release|Any CPU
		{8F68ED87-4F69-4A1B-B79F-1BE624919284}.AppStore|iPhone.Build.0 = Release|Any CPU
		{8F68ED87-4F69-4A1B-B79F-1BE624919284}.AppStore|iPhoneSimulator.ActiveCfg = Release|Any CPU
		{8F68ED87-4F69-4A1B-B79F-1BE624919284}.AppStore|iPhoneSimulator.Build.0 = Release|Any CPU
		{8F68ED87-4F69-4A1B-B79F-1BE624919284}.Debug|Any CPU.ActiveCfg = Debug|Any CPU
		{8F68ED87-4F69-4A1B-B79F-1BE624919284}.Debug|Any CPU.Build.0 = Debug|Any CPU
		{8F68ED87-4F69-4A1B-B79F-1BE624919284}.Debug|iPhone.ActiveCfg = Debug|Any CPU
		{8F68ED87-4F69-4A1B-B79F-1BE624919284}.Debug|iPhone.Build.0 = Debug|Any CPU
		{8F68ED87-4F69-4A1B-B79F-1BE624919284}.Debug|iPhoneSimulator.ActiveCfg = Debug|Any CPU
		{8F68ED87-4F69-4A1B-B79F-1BE624919284}.Debug|iPhoneSimulator.Build.0 = Debug|Any CPU
		{8F68ED87-4F69-4A1B-B79F-1BE624919284}.Release|Any CPU.ActiveCfg = Release|Any CPU
		{8F68ED87-4F69-4A1B-B79F-1BE624919284}.Release|Any CPU.Build.0 = Release|Any CPU
		{8F68ED87-4F69-4A1B-B79F-1BE624919284}.Release|iPhone.ActiveCfg = Release|Any CPU
		{8F68ED87-4F69-4A1B-B79F-1BE624919284}.Release|iPhone.Build.0 = Release|Any CPU
		{8F68ED87-4F69-4A1B-B79F-1BE624919284}.Release|iPhoneSimulator.ActiveCfg = Release|Any CPU
		{8F68ED87-4F69-4A1B-B79F-1BE624919284}.Release|iPhoneSimulator.Build.0 = Release|Any CPU
		{A7BB2CB5-B4A3-4021-B5BE-861DC0E23DE1}.Ad-Hoc|Any CPU.ActiveCfg = Release|Any CPU
		{A7BB2CB5-B4A3-4021-B5BE-861DC0E23DE1}.Ad-Hoc|Any CPU.Build.0 = Release|Any CPU
		{A7BB2CB5-B4A3-4021-B5BE-861DC0E23DE1}.Ad-Hoc|iPhone.ActiveCfg = Release|Any CPU
		{A7BB2CB5-B4A3-4021-B5BE-861DC0E23DE1}.Ad-Hoc|iPhone.Build.0 = Release|Any CPU
		{A7BB2CB5-B4A3-4021-B5BE-861DC0E23DE1}.Ad-Hoc|iPhoneSimulator.ActiveCfg = Release|Any CPU
		{A7BB2CB5-B4A3-4021-B5BE-861DC0E23DE1}.Ad-Hoc|iPhoneSimulator.Build.0 = Release|Any CPU
		{A7BB2CB5-B4A3-4021-B5BE-861DC0E23DE1}.AppStore|Any CPU.ActiveCfg = Release|Any CPU
		{A7BB2CB5-B4A3-4021-B5BE-861DC0E23DE1}.AppStore|Any CPU.Build.0 = Release|Any CPU
		{A7BB2CB5-B4A3-4021-B5BE-861DC0E23DE1}.AppStore|iPhone.ActiveCfg = Release|Any CPU
		{A7BB2CB5-B4A3-4021-B5BE-861DC0E23DE1}.AppStore|iPhone.Build.0 = Release|Any CPU
		{A7BB2CB5-B4A3-4021-B5BE-861DC0E23DE1}.AppStore|iPhoneSimulator.ActiveCfg = Release|Any CPU
		{A7BB2CB5-B4A3-4021-B5BE-861DC0E23DE1}.AppStore|iPhoneSimulator.Build.0 = Release|Any CPU
		{A7BB2CB5-B4A3-4021-B5BE-861DC0E23DE1}.Debug|Any CPU.ActiveCfg = Debug|Any CPU
		{A7BB2CB5-B4A3-4021-B5BE-861DC0E23DE1}.Debug|Any CPU.Build.0 = Debug|Any CPU
		{A7BB2CB5-B4A3-4021-B5BE-861DC0E23DE1}.Debug|iPhone.ActiveCfg = Debug|Any CPU
		{A7BB2CB5-B4A3-4021-B5BE-861DC0E23DE1}.Debug|iPhone.Build.0 = Debug|Any CPU
		{A7BB2CB5-B4A3-4021-B5BE-861DC0E23DE1}.Debug|iPhoneSimulator.ActiveCfg = Debug|Any CPU
		{A7BB2CB5-B4A3-4021-B5BE-861DC0E23DE1}.Debug|iPhoneSimulator.Build.0 = Debug|Any CPU
		{A7BB2CB5-B4A3-4021-B5BE-861DC0E23DE1}.Release|Any CPU.ActiveCfg = Release|Any CPU
		{A7BB2CB5-B4A3-4021-B5BE-861DC0E23DE1}.Release|Any CPU.Build.0 = Release|Any CPU
		{A7BB2CB5-B4A3-4021-B5BE-861DC0E23DE1}.Release|iPhone.ActiveCfg = Release|Any CPU
		{A7BB2CB5-B4A3-4021-B5BE-861DC0E23DE1}.Release|iPhone.Build.0 = Release|Any CPU
		{A7BB2CB5-B4A3-4021-B5BE-861DC0E23DE1}.Release|iPhoneSimulator.ActiveCfg = Release|Any CPU
		{A7BB2CB5-B4A3-4021-B5BE-861DC0E23DE1}.Release|iPhoneSimulator.Build.0 = Release|Any CPU
		{02EF0297-C118-4A58-9AF5-EB6E3EAF8CA4}.Ad-Hoc|Any CPU.ActiveCfg = Release|Any CPU
		{02EF0297-C118-4A58-9AF5-EB6E3EAF8CA4}.Ad-Hoc|Any CPU.Build.0 = Release|Any CPU
		{02EF0297-C118-4A58-9AF5-EB6E3EAF8CA4}.Ad-Hoc|iPhone.ActiveCfg = Release|Any CPU
		{02EF0297-C118-4A58-9AF5-EB6E3EAF8CA4}.Ad-Hoc|iPhone.Build.0 = Release|Any CPU
		{02EF0297-C118-4A58-9AF5-EB6E3EAF8CA4}.Ad-Hoc|iPhoneSimulator.ActiveCfg = Release|Any CPU
		{02EF0297-C118-4A58-9AF5-EB6E3EAF8CA4}.Ad-Hoc|iPhoneSimulator.Build.0 = Release|Any CPU
		{02EF0297-C118-4A58-9AF5-EB6E3EAF8CA4}.AppStore|Any CPU.ActiveCfg = Release|Any CPU
		{02EF0297-C118-4A58-9AF5-EB6E3EAF8CA4}.AppStore|Any CPU.Build.0 = Release|Any CPU
		{02EF0297-C118-4A58-9AF5-EB6E3EAF8CA4}.AppStore|iPhone.ActiveCfg = Release|Any CPU
		{02EF0297-C118-4A58-9AF5-EB6E3EAF8CA4}.AppStore|iPhone.Build.0 = Release|Any CPU
		{02EF0297-C118-4A58-9AF5-EB6E3EAF8CA4}.AppStore|iPhoneSimulator.ActiveCfg = Release|Any CPU
		{02EF0297-C118-4A58-9AF5-EB6E3EAF8CA4}.AppStore|iPhoneSimulator.Build.0 = Release|Any CPU
		{02EF0297-C118-4A58-9AF5-EB6E3EAF8CA4}.Debug|Any CPU.ActiveCfg = Debug|Any CPU
		{02EF0297-C118-4A58-9AF5-EB6E3EAF8CA4}.Debug|Any CPU.Build.0 = Debug|Any CPU
		{02EF0297-C118-4A58-9AF5-EB6E3EAF8CA4}.Debug|iPhone.ActiveCfg = Debug|Any CPU
		{02EF0297-C118-4A58-9AF5-EB6E3EAF8CA4}.Debug|iPhone.Build.0 = Debug|Any CPU
		{02EF0297-C118-4A58-9AF5-EB6E3EAF8CA4}.Debug|iPhoneSimulator.ActiveCfg = Debug|Any CPU
		{02EF0297-C118-4A58-9AF5-EB6E3EAF8CA4}.Debug|iPhoneSimulator.Build.0 = Debug|Any CPU
		{02EF0297-C118-4A58-9AF5-EB6E3EAF8CA4}.Release|Any CPU.ActiveCfg = Release|Any CPU
		{02EF0297-C118-4A58-9AF5-EB6E3EAF8CA4}.Release|Any CPU.Build.0 = Release|Any CPU
		{02EF0297-C118-4A58-9AF5-EB6E3EAF8CA4}.Release|iPhone.ActiveCfg = Release|Any CPU
		{02EF0297-C118-4A58-9AF5-EB6E3EAF8CA4}.Release|iPhone.Build.0 = Release|Any CPU
		{02EF0297-C118-4A58-9AF5-EB6E3EAF8CA4}.Release|iPhoneSimulator.ActiveCfg = Release|Any CPU
		{02EF0297-C118-4A58-9AF5-EB6E3EAF8CA4}.Release|iPhoneSimulator.Build.0 = Release|Any CPU
		{66B072D3-D4DF-45FE-88F8-4AC2B543D4F8}.Ad-Hoc|Any CPU.ActiveCfg = Release|Any CPU
		{66B072D3-D4DF-45FE-88F8-4AC2B543D4F8}.Ad-Hoc|Any CPU.Build.0 = Release|Any CPU
		{66B072D3-D4DF-45FE-88F8-4AC2B543D4F8}.Ad-Hoc|iPhone.ActiveCfg = Release|Any CPU
		{66B072D3-D4DF-45FE-88F8-4AC2B543D4F8}.Ad-Hoc|iPhone.Build.0 = Release|Any CPU
		{66B072D3-D4DF-45FE-88F8-4AC2B543D4F8}.Ad-Hoc|iPhoneSimulator.ActiveCfg = Release|Any CPU
		{66B072D3-D4DF-45FE-88F8-4AC2B543D4F8}.Ad-Hoc|iPhoneSimulator.Build.0 = Release|Any CPU
		{66B072D3-D4DF-45FE-88F8-4AC2B543D4F8}.AppStore|Any CPU.ActiveCfg = Release|Any CPU
		{66B072D3-D4DF-45FE-88F8-4AC2B543D4F8}.AppStore|Any CPU.Build.0 = Release|Any CPU
		{66B072D3-D4DF-45FE-88F8-4AC2B543D4F8}.AppStore|iPhone.ActiveCfg = Release|Any CPU
		{66B072D3-D4DF-45FE-88F8-4AC2B543D4F8}.AppStore|iPhone.Build.0 = Release|Any CPU
		{66B072D3-D4DF-45FE-88F8-4AC2B543D4F8}.AppStore|iPhoneSimulator.ActiveCfg = Release|Any CPU
		{66B072D3-D4DF-45FE-88F8-4AC2B543D4F8}.AppStore|iPhoneSimulator.Build.0 = Release|Any CPU
		{66B072D3-D4DF-45FE-88F8-4AC2B543D4F8}.Debug|Any CPU.ActiveCfg = Debug|Any CPU
		{66B072D3-D4DF-45FE-88F8-4AC2B543D4F8}.Debug|Any CPU.Build.0 = Debug|Any CPU
		{66B072D3-D4DF-45FE-88F8-4AC2B543D4F8}.Debug|iPhone.ActiveCfg = Debug|Any CPU
		{66B072D3-D4DF-45FE-88F8-4AC2B543D4F8}.Debug|iPhone.Build.0 = Debug|Any CPU
		{66B072D3-D4DF-45FE-88F8-4AC2B543D4F8}.Debug|iPhoneSimulator.ActiveCfg = Debug|Any CPU
		{66B072D3-D4DF-45FE-88F8-4AC2B543D4F8}.Debug|iPhoneSimulator.Build.0 = Debug|Any CPU
		{66B072D3-D4DF-45FE-88F8-4AC2B543D4F8}.Release|Any CPU.ActiveCfg = Release|Any CPU
		{66B072D3-D4DF-45FE-88F8-4AC2B543D4F8}.Release|Any CPU.Build.0 = Release|Any CPU
		{66B072D3-D4DF-45FE-88F8-4AC2B543D4F8}.Release|iPhone.ActiveCfg = Release|Any CPU
		{66B072D3-D4DF-45FE-88F8-4AC2B543D4F8}.Release|iPhone.Build.0 = Release|Any CPU
		{66B072D3-D4DF-45FE-88F8-4AC2B543D4F8}.Release|iPhoneSimulator.ActiveCfg = Release|Any CPU
		{66B072D3-D4DF-45FE-88F8-4AC2B543D4F8}.Release|iPhoneSimulator.Build.0 = Release|Any CPU
		{C9B2A552-8F82-4628-A0CD-78085A1EEBD4}.Ad-Hoc|Any CPU.ActiveCfg = Release|Any CPU
		{C9B2A552-8F82-4628-A0CD-78085A1EEBD4}.Ad-Hoc|Any CPU.Build.0 = Release|Any CPU
		{C9B2A552-8F82-4628-A0CD-78085A1EEBD4}.Ad-Hoc|iPhone.ActiveCfg = Release|Any CPU
		{C9B2A552-8F82-4628-A0CD-78085A1EEBD4}.Ad-Hoc|iPhone.Build.0 = Release|Any CPU
		{C9B2A552-8F82-4628-A0CD-78085A1EEBD4}.Ad-Hoc|iPhoneSimulator.ActiveCfg = Release|Any CPU
		{C9B2A552-8F82-4628-A0CD-78085A1EEBD4}.Ad-Hoc|iPhoneSimulator.Build.0 = Release|Any CPU
		{C9B2A552-8F82-4628-A0CD-78085A1EEBD4}.AppStore|Any CPU.ActiveCfg = Release|Any CPU
		{C9B2A552-8F82-4628-A0CD-78085A1EEBD4}.AppStore|Any CPU.Build.0 = Release|Any CPU
		{C9B2A552-8F82-4628-A0CD-78085A1EEBD4}.AppStore|iPhone.ActiveCfg = Release|Any CPU
		{C9B2A552-8F82-4628-A0CD-78085A1EEBD4}.AppStore|iPhone.Build.0 = Release|Any CPU
		{C9B2A552-8F82-4628-A0CD-78085A1EEBD4}.AppStore|iPhoneSimulator.ActiveCfg = Release|Any CPU
		{C9B2A552-8F82-4628-A0CD-78085A1EEBD4}.AppStore|iPhoneSimulator.Build.0 = Release|Any CPU
		{C9B2A552-8F82-4628-A0CD-78085A1EEBD4}.Debug|Any CPU.ActiveCfg = Debug|Any CPU
		{C9B2A552-8F82-4628-A0CD-78085A1EEBD4}.Debug|Any CPU.Build.0 = Debug|Any CPU
		{C9B2A552-8F82-4628-A0CD-78085A1EEBD4}.Debug|iPhone.ActiveCfg = Debug|Any CPU
		{C9B2A552-8F82-4628-A0CD-78085A1EEBD4}.Debug|iPhone.Build.0 = Debug|Any CPU
		{C9B2A552-8F82-4628-A0CD-78085A1EEBD4}.Debug|iPhoneSimulator.ActiveCfg = Debug|Any CPU
		{C9B2A552-8F82-4628-A0CD-78085A1EEBD4}.Debug|iPhoneSimulator.Build.0 = Debug|Any CPU
		{C9B2A552-8F82-4628-A0CD-78085A1EEBD4}.Release|Any CPU.ActiveCfg = Release|Any CPU
		{C9B2A552-8F82-4628-A0CD-78085A1EEBD4}.Release|Any CPU.Build.0 = Release|Any CPU
		{C9B2A552-8F82-4628-A0CD-78085A1EEBD4}.Release|iPhone.ActiveCfg = Release|Any CPU
		{C9B2A552-8F82-4628-A0CD-78085A1EEBD4}.Release|iPhone.Build.0 = Release|Any CPU
		{C9B2A552-8F82-4628-A0CD-78085A1EEBD4}.Release|iPhoneSimulator.ActiveCfg = Release|Any CPU
		{C9B2A552-8F82-4628-A0CD-78085A1EEBD4}.Release|iPhoneSimulator.Build.0 = Release|Any CPU
		{C6C5DDFA-B96E-42D2-BB60-6F4229E65B9F}.Ad-Hoc|Any CPU.ActiveCfg = Release|Any CPU
		{C6C5DDFA-B96E-42D2-BB60-6F4229E65B9F}.Ad-Hoc|Any CPU.Build.0 = Release|Any CPU
		{C6C5DDFA-B96E-42D2-BB60-6F4229E65B9F}.Ad-Hoc|iPhone.ActiveCfg = Release|Any CPU
		{C6C5DDFA-B96E-42D2-BB60-6F4229E65B9F}.Ad-Hoc|iPhone.Build.0 = Release|Any CPU
		{C6C5DDFA-B96E-42D2-BB60-6F4229E65B9F}.Ad-Hoc|iPhoneSimulator.ActiveCfg = Release|Any CPU
		{C6C5DDFA-B96E-42D2-BB60-6F4229E65B9F}.Ad-Hoc|iPhoneSimulator.Build.0 = Release|Any CPU
		{C6C5DDFA-B96E-42D2-BB60-6F4229E65B9F}.AppStore|Any CPU.ActiveCfg = Release|Any CPU
		{C6C5DDFA-B96E-42D2-BB60-6F4229E65B9F}.AppStore|Any CPU.Build.0 = Release|Any CPU
		{C6C5DDFA-B96E-42D2-BB60-6F4229E65B9F}.AppStore|iPhone.ActiveCfg = Release|Any CPU
		{C6C5DDFA-B96E-42D2-BB60-6F4229E65B9F}.AppStore|iPhone.Build.0 = Release|Any CPU
		{C6C5DDFA-B96E-42D2-BB60-6F4229E65B9F}.AppStore|iPhoneSimulator.ActiveCfg = Release|Any CPU
		{C6C5DDFA-B96E-42D2-BB60-6F4229E65B9F}.AppStore|iPhoneSimulator.Build.0 = Release|Any CPU
		{C6C5DDFA-B96E-42D2-BB60-6F4229E65B9F}.Debug|Any CPU.ActiveCfg = Debug|Any CPU
		{C6C5DDFA-B96E-42D2-BB60-6F4229E65B9F}.Debug|Any CPU.Build.0 = Debug|Any CPU
		{C6C5DDFA-B96E-42D2-BB60-6F4229E65B9F}.Debug|iPhone.ActiveCfg = Debug|Any CPU
		{C6C5DDFA-B96E-42D2-BB60-6F4229E65B9F}.Debug|iPhone.Build.0 = Debug|Any CPU
		{C6C5DDFA-B96E-42D2-BB60-6F4229E65B9F}.Debug|iPhoneSimulator.ActiveCfg = Debug|Any CPU
		{C6C5DDFA-B96E-42D2-BB60-6F4229E65B9F}.Debug|iPhoneSimulator.Build.0 = Debug|Any CPU
		{C6C5DDFA-B96E-42D2-BB60-6F4229E65B9F}.Release|Any CPU.ActiveCfg = Release|Any CPU
		{C6C5DDFA-B96E-42D2-BB60-6F4229E65B9F}.Release|Any CPU.Build.0 = Release|Any CPU
		{C6C5DDFA-B96E-42D2-BB60-6F4229E65B9F}.Release|iPhone.ActiveCfg = Release|Any CPU
		{C6C5DDFA-B96E-42D2-BB60-6F4229E65B9F}.Release|iPhone.Build.0 = Release|Any CPU
		{C6C5DDFA-B96E-42D2-BB60-6F4229E65B9F}.Release|iPhoneSimulator.ActiveCfg = Release|Any CPU
		{C6C5DDFA-B96E-42D2-BB60-6F4229E65B9F}.Release|iPhoneSimulator.Build.0 = Release|Any CPU
		{CA35D24C-7AD4-4FFF-BE88-C36262F0AF3B}.Ad-Hoc|Any CPU.ActiveCfg = Release|Any CPU
		{CA35D24C-7AD4-4FFF-BE88-C36262F0AF3B}.Ad-Hoc|Any CPU.Build.0 = Release|Any CPU
		{CA35D24C-7AD4-4FFF-BE88-C36262F0AF3B}.Ad-Hoc|iPhone.ActiveCfg = Release|Any CPU
		{CA35D24C-7AD4-4FFF-BE88-C36262F0AF3B}.Ad-Hoc|iPhone.Build.0 = Release|Any CPU
		{CA35D24C-7AD4-4FFF-BE88-C36262F0AF3B}.Ad-Hoc|iPhoneSimulator.ActiveCfg = Release|Any CPU
		{CA35D24C-7AD4-4FFF-BE88-C36262F0AF3B}.Ad-Hoc|iPhoneSimulator.Build.0 = Release|Any CPU
		{CA35D24C-7AD4-4FFF-BE88-C36262F0AF3B}.AppStore|Any CPU.ActiveCfg = Release|Any CPU
		{CA35D24C-7AD4-4FFF-BE88-C36262F0AF3B}.AppStore|Any CPU.Build.0 = Release|Any CPU
		{CA35D24C-7AD4-4FFF-BE88-C36262F0AF3B}.AppStore|iPhone.ActiveCfg = Release|Any CPU
		{CA35D24C-7AD4-4FFF-BE88-C36262F0AF3B}.AppStore|iPhone.Build.0 = Release|Any CPU
		{CA35D24C-7AD4-4FFF-BE88-C36262F0AF3B}.AppStore|iPhoneSimulator.ActiveCfg = Release|Any CPU
		{CA35D24C-7AD4-4FFF-BE88-C36262F0AF3B}.AppStore|iPhoneSimulator.Build.0 = Release|Any CPU
		{CA35D24C-7AD4-4FFF-BE88-C36262F0AF3B}.Debug|Any CPU.ActiveCfg = Debug|Any CPU
		{CA35D24C-7AD4-4FFF-BE88-C36262F0AF3B}.Debug|Any CPU.Build.0 = Debug|Any CPU
		{CA35D24C-7AD4-4FFF-BE88-C36262F0AF3B}.Debug|iPhone.ActiveCfg = Debug|Any CPU
		{CA35D24C-7AD4-4FFF-BE88-C36262F0AF3B}.Debug|iPhone.Build.0 = Debug|Any CPU
		{CA35D24C-7AD4-4FFF-BE88-C36262F0AF3B}.Debug|iPhoneSimulator.ActiveCfg = Debug|Any CPU
		{CA35D24C-7AD4-4FFF-BE88-C36262F0AF3B}.Debug|iPhoneSimulator.Build.0 = Debug|Any CPU
		{CA35D24C-7AD4-4FFF-BE88-C36262F0AF3B}.Release|Any CPU.ActiveCfg = Release|Any CPU
		{CA35D24C-7AD4-4FFF-BE88-C36262F0AF3B}.Release|Any CPU.Build.0 = Release|Any CPU
		{CA35D24C-7AD4-4FFF-BE88-C36262F0AF3B}.Release|iPhone.ActiveCfg = Release|Any CPU
		{CA35D24C-7AD4-4FFF-BE88-C36262F0AF3B}.Release|iPhone.Build.0 = Release|Any CPU
		{CA35D24C-7AD4-4FFF-BE88-C36262F0AF3B}.Release|iPhoneSimulator.ActiveCfg = Release|Any CPU
		{CA35D24C-7AD4-4FFF-BE88-C36262F0AF3B}.Release|iPhoneSimulator.Build.0 = Release|Any CPU
		{A846EC4D-5B77-4B14-97E4-56885E7B2B13}.Ad-Hoc|Any CPU.ActiveCfg = Release|Any CPU
		{A846EC4D-5B77-4B14-97E4-56885E7B2B13}.Ad-Hoc|Any CPU.Build.0 = Release|Any CPU
		{A846EC4D-5B77-4B14-97E4-56885E7B2B13}.Ad-Hoc|iPhone.ActiveCfg = Release|Any CPU
		{A846EC4D-5B77-4B14-97E4-56885E7B2B13}.Ad-Hoc|iPhone.Build.0 = Release|Any CPU
		{A846EC4D-5B77-4B14-97E4-56885E7B2B13}.Ad-Hoc|iPhoneSimulator.ActiveCfg = Release|Any CPU
		{A846EC4D-5B77-4B14-97E4-56885E7B2B13}.Ad-Hoc|iPhoneSimulator.Build.0 = Release|Any CPU
		{A846EC4D-5B77-4B14-97E4-56885E7B2B13}.AppStore|Any CPU.ActiveCfg = Release|Any CPU
		{A846EC4D-5B77-4B14-97E4-56885E7B2B13}.AppStore|Any CPU.Build.0 = Release|Any CPU
		{A846EC4D-5B77-4B14-97E4-56885E7B2B13}.AppStore|iPhone.ActiveCfg = Release|Any CPU
		{A846EC4D-5B77-4B14-97E4-56885E7B2B13}.AppStore|iPhone.Build.0 = Release|Any CPU
		{A846EC4D-5B77-4B14-97E4-56885E7B2B13}.AppStore|iPhoneSimulator.ActiveCfg = Release|Any CPU
		{A846EC4D-5B77-4B14-97E4-56885E7B2B13}.AppStore|iPhoneSimulator.Build.0 = Release|Any CPU
		{A846EC4D-5B77-4B14-97E4-56885E7B2B13}.Debug|Any CPU.ActiveCfg = Debug|Any CPU
		{A846EC4D-5B77-4B14-97E4-56885E7B2B13}.Debug|Any CPU.Build.0 = Debug|Any CPU
		{A846EC4D-5B77-4B14-97E4-56885E7B2B13}.Debug|iPhone.ActiveCfg = Debug|Any CPU
		{A846EC4D-5B77-4B14-97E4-56885E7B2B13}.Debug|iPhone.Build.0 = Debug|Any CPU
		{A846EC4D-5B77-4B14-97E4-56885E7B2B13}.Debug|iPhoneSimulator.ActiveCfg = Debug|Any CPU
		{A846EC4D-5B77-4B14-97E4-56885E7B2B13}.Debug|iPhoneSimulator.Build.0 = Debug|Any CPU
		{A846EC4D-5B77-4B14-97E4-56885E7B2B13}.Release|Any CPU.ActiveCfg = Release|Any CPU
		{A846EC4D-5B77-4B14-97E4-56885E7B2B13}.Release|Any CPU.Build.0 = Release|Any CPU
		{A846EC4D-5B77-4B14-97E4-56885E7B2B13}.Release|iPhone.ActiveCfg = Release|Any CPU
		{A846EC4D-5B77-4B14-97E4-56885E7B2B13}.Release|iPhone.Build.0 = Release|Any CPU
		{A846EC4D-5B77-4B14-97E4-56885E7B2B13}.Release|iPhoneSimulator.ActiveCfg = Release|Any CPU
		{A846EC4D-5B77-4B14-97E4-56885E7B2B13}.Release|iPhoneSimulator.Build.0 = Release|Any CPU
		{7DD1D20A-1B1D-4E51-9220-E2BBA6B09824}.Ad-Hoc|Any CPU.ActiveCfg = Release|Any CPU
		{7DD1D20A-1B1D-4E51-9220-E2BBA6B09824}.Ad-Hoc|Any CPU.Build.0 = Release|Any CPU
		{7DD1D20A-1B1D-4E51-9220-E2BBA6B09824}.Ad-Hoc|iPhone.ActiveCfg = Release|Any CPU
		{7DD1D20A-1B1D-4E51-9220-E2BBA6B09824}.Ad-Hoc|iPhone.Build.0 = Release|Any CPU
		{7DD1D20A-1B1D-4E51-9220-E2BBA6B09824}.Ad-Hoc|iPhoneSimulator.ActiveCfg = Release|Any CPU
		{7DD1D20A-1B1D-4E51-9220-E2BBA6B09824}.Ad-Hoc|iPhoneSimulator.Build.0 = Release|Any CPU
		{7DD1D20A-1B1D-4E51-9220-E2BBA6B09824}.AppStore|Any CPU.ActiveCfg = Release|Any CPU
		{7DD1D20A-1B1D-4E51-9220-E2BBA6B09824}.AppStore|Any CPU.Build.0 = Release|Any CPU
		{7DD1D20A-1B1D-4E51-9220-E2BBA6B09824}.AppStore|iPhone.ActiveCfg = Release|Any CPU
		{7DD1D20A-1B1D-4E51-9220-E2BBA6B09824}.AppStore|iPhone.Build.0 = Release|Any CPU
		{7DD1D20A-1B1D-4E51-9220-E2BBA6B09824}.AppStore|iPhoneSimulator.ActiveCfg = Release|Any CPU
		{7DD1D20A-1B1D-4E51-9220-E2BBA6B09824}.AppStore|iPhoneSimulator.Build.0 = Release|Any CPU
		{7DD1D20A-1B1D-4E51-9220-E2BBA6B09824}.Debug|Any CPU.ActiveCfg = Debug|Any CPU
		{7DD1D20A-1B1D-4E51-9220-E2BBA6B09824}.Debug|Any CPU.Build.0 = Debug|Any CPU
		{7DD1D20A-1B1D-4E51-9220-E2BBA6B09824}.Debug|iPhone.ActiveCfg = Debug|Any CPU
		{7DD1D20A-1B1D-4E51-9220-E2BBA6B09824}.Debug|iPhone.Build.0 = Debug|Any CPU
		{7DD1D20A-1B1D-4E51-9220-E2BBA6B09824}.Debug|iPhoneSimulator.ActiveCfg = Debug|Any CPU
		{7DD1D20A-1B1D-4E51-9220-E2BBA6B09824}.Debug|iPhoneSimulator.Build.0 = Debug|Any CPU
		{7DD1D20A-1B1D-4E51-9220-E2BBA6B09824}.Release|Any CPU.ActiveCfg = Release|Any CPU
		{7DD1D20A-1B1D-4E51-9220-E2BBA6B09824}.Release|Any CPU.Build.0 = Release|Any CPU
		{7DD1D20A-1B1D-4E51-9220-E2BBA6B09824}.Release|iPhone.ActiveCfg = Release|Any CPU
		{7DD1D20A-1B1D-4E51-9220-E2BBA6B09824}.Release|iPhone.Build.0 = Release|Any CPU
		{7DD1D20A-1B1D-4E51-9220-E2BBA6B09824}.Release|iPhoneSimulator.ActiveCfg = Release|Any CPU
		{7DD1D20A-1B1D-4E51-9220-E2BBA6B09824}.Release|iPhoneSimulator.Build.0 = Release|Any CPU
	EndGlobalSection
	GlobalSection(SolutionProperties) = preSolution
		HideSolutionNode = FALSE
	EndGlobalSection
	GlobalSection(ExtensibilityGlobals) = postSolution
		SolutionGuid = {7B989910-A367-483B-982B-29A685A3AB5C}
	EndGlobalSection
EndGlobal
